// !$*UTF8*$!
{
	archiveVersion = 1;
	classes = {
	};
	objectVersion = 46;
	objects = {

/* Begin PBXBuildFile section */
		34F90D3FEF9CD13FA583690F /* libPods-SHCode.a in Frameworks */ = {isa = PBXBuildFile; fileRef = 290C0B9AAB939F79C245608F /* libPods-SHCode.a */; };
		81041FE41E9DC82600C40BFE /* SHUserAccount.m in Sources */ = {isa = PBXBuildFile; fileRef = 81041FE31E9DC82600C40BFE /* SHUserAccount.m */; };
		81041FE71E9DD78000C40BFE /* SHUserAccountViewModel.m in Sources */ = {isa = PBXBuildFile; fileRef = 81041FE61E9DD78000C40BFE /* SHUserAccountViewModel.m */; };
		81041FEF1E9DFE5800C40BFE /* SHWelcomeViewController.m in Sources */ = {isa = PBXBuildFile; fileRef = 81041FED1E9DFE5800C40BFE /* SHWelcomeViewController.m */; };
		81041FF01E9DFE5800C40BFE /* SHWelcomeViewController.xib in Resources */ = {isa = PBXBuildFile; fileRef = 81041FEE1E9DFE5800C40BFE /* SHWelcomeViewController.xib */; };
		81041FF31E9E15B300C40BFE /* SHPathStatsTwoModel.m in Sources */ = {isa = PBXBuildFile; fileRef = 81041FF21E9E15B300C40BFE /* SHPathStatsTwoModel.m */; };
		81041FF61E9E15CD00C40BFE /* SHPathTwoUserModel.m in Sources */ = {isa = PBXBuildFile; fileRef = 81041FF51E9E15CD00C40BFE /* SHPathTwoUserModel.m */; };
		81046B851EBAD02000BA95F7 /* SHSeeBigPicViewController.m in Sources */ = {isa = PBXBuildFile; fileRef = 81046B831EBAD02000BA95F7 /* SHSeeBigPicViewController.m */; };
		81046B861EBAD02000BA95F7 /* SHSeeBigPicViewController.xib in Resources */ = {isa = PBXBuildFile; fileRef = 81046B841EBAD02000BA95F7 /* SHSeeBigPicViewController.xib */; };
		810E93471EA46F8D00B2B032 /* NSDate+SHDate.m in Sources */ = {isa = PBXBuildFile; fileRef = 810E93461EA46F8D00B2B032 /* NSDate+SHDate.m */; };
		810E934A1EA46FB900B2B032 /* SHFindEmoticon.m in Sources */ = {isa = PBXBuildFile; fileRef = 810E93491EA46FB900B2B032 /* SHFindEmoticon.m */; };
		811502711EA4B608001D44B4 /* SHPicCollectionView.m in Sources */ = {isa = PBXBuildFile; fileRef = 811502701EA4B608001D44B4 /* SHPicCollectionView.m */; };
		811502741EA4B873001D44B4 /* SHPicCollectionViewCell.m in Sources */ = {isa = PBXBuildFile; fileRef = 811502731EA4B873001D44B4 /* SHPicCollectionViewCell.m */; };
		811783411F03884F00EECC1F /* SHCollectionViewCell.m in Sources */ = {isa = PBXBuildFile; fileRef = 811783401F03884F00EECC1F /* SHCollectionViewCell.m */; };
		811783441F03886E00EECC1F /* SHFlowLayout.m in Sources */ = {isa = PBXBuildFile; fileRef = 811783431F03886E00EECC1F /* SHFlowLayout.m */; };
		811783471F038A7600EECC1F /* SHCollectionModel.m in Sources */ = {isa = PBXBuildFile; fileRef = 811783461F038A7600EECC1F /* SHCollectionModel.m */; };
		812B49771EA5C15B00D44C2B /* SHPicCollectionViewCell.xib in Resources */ = {isa = PBXBuildFile; fileRef = 812B49761EA5C15B00D44C2B /* SHPicCollectionViewCell.xib */; };
		813FBD361E97776200D93F3F /* SHSubOneAllTableViewController.m in Sources */ = {isa = PBXBuildFile; fileRef = 813FBD351E97776200D93F3F /* SHSubOneAllTableViewController.m */; };
		813FBD381E9795DE00D93F3F /* SHOneRightItemViewController.xib in Resources */ = {isa = PBXBuildFile; fileRef = 813FBD371E9795DE00D93F3F /* SHOneRightItemViewController.xib */; };
		8140DA791E9376A00025DDAE /* SHChildOneTableViewController.m in Sources */ = {isa = PBXBuildFile; fileRef = 8140DA781E9376A00025DDAE /* SHChildOneTableViewController.m */; };
		8140DA7C1E9376B10025DDAE /* SHChildTwoTableViewController.m in Sources */ = {isa = PBXBuildFile; fileRef = 8140DA7B1E9376B10025DDAE /* SHChildTwoTableViewController.m */; };
		8140DA7F1E9376C10025DDAE /* SHChildThreeTableViewController.m in Sources */ = {isa = PBXBuildFile; fileRef = 8140DA7E1E9376C10025DDAE /* SHChildThreeTableViewController.m */; };
		8140DA821E9376D00025DDAE /* SHChildFourTableViewController.m in Sources */ = {isa = PBXBuildFile; fileRef = 8140DA811E9376D00025DDAE /* SHChildFourTableViewController.m */; };
		8140DA851E9376DC0025DDAE /* SHChildFiveTableViewController.m in Sources */ = {isa = PBXBuildFile; fileRef = 8140DA841E9376DC0025DDAE /* SHChildFiveTableViewController.m */; };
		8140DA881E9392BE0025DDAE /* SHOneChildModel.m in Sources */ = {isa = PBXBuildFile; fileRef = 8140DA871E9392BE0025DDAE /* SHOneChildModel.m */; };
		81460F111E8B5AAE00897B16 /* SHTabBar.m in Sources */ = {isa = PBXBuildFile; fileRef = 81460F101E8B5AAE00897B16 /* SHTabBar.m */; };
		81460F1F1E8BB81900897B16 /* SHOneRightItemViewController.m in Sources */ = {isa = PBXBuildFile; fileRef = 81460F1E1E8BB81900897B16 /* SHOneRightItemViewController.m */; };
		81460F2A1E8BBF3C00897B16 /* UIBarButtonItem+SHBarItem.m in Sources */ = {isa = PBXBuildFile; fileRef = 81460F221E8BBF3C00897B16 /* UIBarButtonItem+SHBarItem.m */; };
		81460F2B1E8BBF3C00897B16 /* UIImage+SHImage.m in Sources */ = {isa = PBXBuildFile; fileRef = 81460F241E8BBF3C00897B16 /* UIImage+SHImage.m */; };
		81460F2C1E8BBF3C00897B16 /* UIImageView+SHImageView.m in Sources */ = {isa = PBXBuildFile; fileRef = 81460F261E8BBF3C00897B16 /* UIImageView+SHImageView.m */; };
		81460F2D1E8BBF3C00897B16 /* UIView+SHFrame.m in Sources */ = {isa = PBXBuildFile; fileRef = 81460F281E8BBF3C00897B16 /* UIView+SHFrame.m */; };
		81471A931EB9B61300E0BA5B /* NSString+SHEmptyStr.m in Sources */ = {isa = PBXBuildFile; fileRef = 81471A921EB9B61300E0BA5B /* NSString+SHEmptyStr.m */; };
		816690801E9CBF4B000F700B /* SHOAuthViewController.m in Sources */ = {isa = PBXBuildFile; fileRef = 8166907E1E9CBF4B000F700B /* SHOAuthViewController.m */; };
		816690811E9CBF4B000F700B /* SHOAuthViewController.xib in Resources */ = {isa = PBXBuildFile; fileRef = 8166907F1E9CBF4B000F700B /* SHOAuthViewController.xib */; };
		8197E75E1E9CCAA0002D7013 /* SHTwoBaseTableViewController.m in Sources */ = {isa = PBXBuildFile; fileRef = 8197E75D1E9CCAA0002D7013 /* SHTwoBaseTableViewController.m */; };
		8197E7611E9CCB28002D7013 /* SHVisitorView.m in Sources */ = {isa = PBXBuildFile; fileRef = 8197E7601E9CCB28002D7013 /* SHVisitorView.m */; };
		8197E7631E9CCB41002D7013 /* SHVisitorView.xib in Resources */ = {isa = PBXBuildFile; fileRef = 8197E7621E9CCB41002D7013 /* SHVisitorView.xib */; };
		81AC8AB41E9C817F008658B9 /* SHPathTwoModel.m in Sources */ = {isa = PBXBuildFile; fileRef = 81AC8AB31E9C817F008658B9 /* SHPathTwoModel.m */; };
		81AC8AB71E9C8489008658B9 /* SHNetworkTools.m in Sources */ = {isa = PBXBuildFile; fileRef = 81AC8AB61E9C8489008658B9 /* SHNetworkTools.m */; };
		81BA2EA51E8E0AC5006ABCEF /* SHFiveCollectionViewCell.m in Sources */ = {isa = PBXBuildFile; fileRef = 81BA2EA31E8E0AC5006ABCEF /* SHFiveCollectionViewCell.m */; };
		81BA2EA61E8E0AC5006ABCEF /* SHFiveCollectionViewCell.xib in Resources */ = {isa = PBXBuildFile; fileRef = 81BA2EA41E8E0AC5006ABCEF /* SHFiveCollectionViewCell.xib */; };
		81BA2EA91E8E3C82006ABCEF /* SHFiveModel.m in Sources */ = {isa = PBXBuildFile; fileRef = 81BA2EA81E8E3C82006ABCEF /* SHFiveModel.m */; };
		81BA2EAC1E8E47BD006ABCEF /* SHCustomControlTool.m in Sources */ = {isa = PBXBuildFile; fileRef = 81BA2EAB1E8E47BD006ABCEF /* SHCustomControlTool.m */; };
		81E3A65A1E9B60C3001398F7 /* SHTitleBtn.m in Sources */ = {isa = PBXBuildFile; fileRef = 81E3A6591E9B60C3001398F7 /* SHTitleBtn.m */; };
		81E3A65D1E9B6502001398F7 /* SHPopoverViewController.m in Sources */ = {isa = PBXBuildFile; fileRef = 81E3A65C1E9B6502001398F7 /* SHPopoverViewController.m */; };
		81E3A6601E9B6C28001398F7 /* SHPopAnimator.m in Sources */ = {isa = PBXBuildFile; fileRef = 81E3A65F1E9B6C28001398F7 /* SHPopAnimator.m */; };
		81E3A6631E9B71D4001398F7 /* SHPresentationController.m in Sources */ = {isa = PBXBuildFile; fileRef = 81E3A6621E9B71D4001398F7 /* SHPresentationController.m */; };
		81E92B6D1EA06DCE008F8ABE /* SHPathTwoCell.m in Sources */ = {isa = PBXBuildFile; fileRef = 81E92B6C1EA06DCE008F8ABE /* SHPathTwoCell.m */; };
		81E92B731EA0C193008F8ABE /* SHPathTwoCell.xib in Resources */ = {isa = PBXBuildFile; fileRef = 81E92B721EA0C193008F8ABE /* SHPathTwoCell.xib */; };
		81F47D121E98D52F000A72B6 /* SHLoginRegisterViewController.m in Sources */ = {isa = PBXBuildFile; fileRef = 81F47D101E98D52F000A72B6 /* SHLoginRegisterViewController.m */; };
		81F47D131E98D52F000A72B6 /* SHLoginRegisterViewController.xib in Resources */ = {isa = PBXBuildFile; fileRef = 81F47D111E98D52F000A72B6 /* SHLoginRegisterViewController.xib */; };
		81F47D221E98D53D000A72B6 /* SHOneChildTableViewCell.m in Sources */ = {isa = PBXBuildFile; fileRef = 81F47D171E98D53D000A72B6 /* SHOneChildTableViewCell.m */; };
		81F47D231E98D53D000A72B6 /* SHOneChildTableViewCell.xib in Resources */ = {isa = PBXBuildFile; fileRef = 81F47D181E98D53D000A72B6 /* SHOneChildTableViewCell.xib */; };
		81F47D241E98D53D000A72B6 /* SHTopicPictureView.m in Sources */ = {isa = PBXBuildFile; fileRef = 81F47D1A1E98D53D000A72B6 /* SHTopicPictureView.m */; };
		81F47D251E98D53D000A72B6 /* SHTopicPictureView.xib in Resources */ = {isa = PBXBuildFile; fileRef = 81F47D1B1E98D53D000A72B6 /* SHTopicPictureView.xib */; };
		81F47D261E98D53D000A72B6 /* SHTopicVideoView.m in Sources */ = {isa = PBXBuildFile; fileRef = 81F47D1D1E98D53D000A72B6 /* SHTopicVideoView.m */; };
		81F47D271E98D53D000A72B6 /* SHTopicVideoView.xib in Resources */ = {isa = PBXBuildFile; fileRef = 81F47D1E1E98D53D000A72B6 /* SHTopicVideoView.xib */; };
		81F47D281E98D53D000A72B6 /* SHTopicVoiceView.m in Sources */ = {isa = PBXBuildFile; fileRef = 81F47D201E98D53D000A72B6 /* SHTopicVoiceView.m */; };
		81F47D291E98D53D000A72B6 /* SHTopicVoiceView.xib in Resources */ = {isa = PBXBuildFile; fileRef = 81F47D211E98D53D000A72B6 /* SHTopicVoiceView.xib */; };
		81F47D2C1E98D657000A72B6 /* SHLoginRegisterView.m in Sources */ = {isa = PBXBuildFile; fileRef = 81F47D2B1E98D657000A72B6 /* SHLoginRegisterView.m */; };
		81F47D2E1E98D665000A72B6 /* SHLoginRegisterView.xib in Resources */ = {isa = PBXBuildFile; fileRef = 81F47D2D1E98D665000A72B6 /* SHLoginRegisterView.xib */; };
		81F47D311E990184000A72B6 /* SHLoginField.m in Sources */ = {isa = PBXBuildFile; fileRef = 81F47D301E990184000A72B6 /* SHLoginField.m */; };
		81F47D341E990244000A72B6 /* UITextField+SHPlaceholder.m in Sources */ = {isa = PBXBuildFile; fileRef = 81F47D331E990244000A72B6 /* UITextField+SHPlaceholder.m */; };
		81F47D371E991308000A72B6 /* SHFastLoginView.m in Sources */ = {isa = PBXBuildFile; fileRef = 81F47D361E991308000A72B6 /* SHFastLoginView.m */; };
		81F47D391E991316000A72B6 /* SHFastLoginView.xib in Resources */ = {isa = PBXBuildFile; fileRef = 81F47D381E991316000A72B6 /* SHFastLoginView.xib */; };
		81F514BE1E88F1C20031EF16 /* main.m in Sources */ = {isa = PBXBuildFile; fileRef = 81F514BD1E88F1C20031EF16 /* main.m */; };
		81F514C71E88F1C20031EF16 /* Main.storyboard in Resources */ = {isa = PBXBuildFile; fileRef = 81F514C51E88F1C20031EF16 /* Main.storyboard */; };
		81F514C91E88F1C20031EF16 /* Assets.xcassets in Resources */ = {isa = PBXBuildFile; fileRef = 81F514C81E88F1C20031EF16 /* Assets.xcassets */; };
		81F514CC1E88F1C20031EF16 /* LaunchScreen.storyboard in Resources */ = {isa = PBXBuildFile; fileRef = 81F514CA1E88F1C20031EF16 /* LaunchScreen.storyboard */; };
		81F514D71E88F1C20031EF16 /* SHCodeTests.m in Sources */ = {isa = PBXBuildFile; fileRef = 81F514D61E88F1C20031EF16 /* SHCodeTests.m */; };
		81F514E21E88F1C30031EF16 /* SHCodeUITests.m in Sources */ = {isa = PBXBuildFile; fileRef = 81F514E11E88F1C30031EF16 /* SHCodeUITests.m */; };
		81F515061E88F2940031EF16 /* AppDelegate.m in Sources */ = {isa = PBXBuildFile; fileRef = 81F514F11E88F2940031EF16 /* AppDelegate.m */; };
		81F5150D1E88FA3A0031EF16 /* SHCustomTBarController.m in Sources */ = {isa = PBXBuildFile; fileRef = 81F5150C1E88FA3A0031EF16 /* SHCustomTBarController.m */; };
		81F515141E88FC330031EF16 /* SHBaseViewController.m in Sources */ = {isa = PBXBuildFile; fileRef = 81F515131E88FC330031EF16 /* SHBaseViewController.m */; };
		81F515171E88FC4D0031EF16 /* SHFiveViewController.m in Sources */ = {isa = PBXBuildFile; fileRef = 81F515161E88FC4D0031EF16 /* SHFiveViewController.m */; };
		81F5151A1E88FC5F0031EF16 /* SHFourViewController.m in Sources */ = {isa = PBXBuildFile; fileRef = 81F515191E88FC5F0031EF16 /* SHFourViewController.m */; };
		81F5151D1E88FC6D0031EF16 /* SHThreeViewController.m in Sources */ = {isa = PBXBuildFile; fileRef = 81F5151C1E88FC6D0031EF16 /* SHThreeViewController.m */; };
		81F515201E88FC7C0031EF16 /* SHTwoViewController.m in Sources */ = {isa = PBXBuildFile; fileRef = 81F5151F1E88FC7C0031EF16 /* SHTwoViewController.m */; };
		81F515231E88FC8D0031EF16 /* SHOneViewController.m in Sources */ = {isa = PBXBuildFile; fileRef = 81F515221E88FC8D0031EF16 /* SHOneViewController.m */; };
		81FD44CA1E8A3CBD00783B94 /* SHBaseNavViewController.m in Sources */ = {isa = PBXBuildFile; fileRef = 81FD44C91E8A3CBD00783B94 /* SHBaseNavViewController.m */; };
		81FDF8EA1E9A163D00EE075B /* SHFastBtn.m in Sources */ = {isa = PBXBuildFile; fileRef = 81FDF8E91E9A163D00EE075B /* SHFastBtn.m */; };
		81FDF8EF1E9A2DB000EE075B /* SHWebViewController.m in Sources */ = {isa = PBXBuildFile; fileRef = 81FDF8ED1E9A2DB000EE075B /* SHWebViewController.m */; };
		81FDF8F01E9A2DB000EE075B /* SHWebViewController.xib in Resources */ = {isa = PBXBuildFile; fileRef = 81FDF8EE1E9A2DB000EE075B /* SHWebViewController.xib */; };
		81FDF8F41E9A45F000EE075B /* SHSettingTableViewController.m in Sources */ = {isa = PBXBuildFile; fileRef = 81FDF8F31E9A45F000EE075B /* SHSettingTableViewController.m */; };
		81FF0DF91E8CB8EE0014DA88 /* SHFiveViewController.storyboard in Resources */ = {isa = PBXBuildFile; fileRef = 81FF0DF81E8CB8EE0014DA88 /* SHFiveViewController.storyboard */; };
		81FF0DFC1E8CD9270014DA88 /* SHConstStr.m in Sources */ = {isa = PBXBuildFile; fileRef = 81FF0DFB1E8CD9270014DA88 /* SHConstStr.m */; };
		81FF2D111E9B245900DE34AE /* SHFileTool.m in Sources */ = {isa = PBXBuildFile; fileRef = 81FF2D101E9B245900DE34AE /* SHFileTool.m */; };
/* End PBXBuildFile section */

/* Begin PBXContainerItemProxy section */
		81F514D31E88F1C20031EF16 /* PBXContainerItemProxy */ = {
			isa = PBXContainerItemProxy;
			containerPortal = 81F514B11E88F1C20031EF16 /* Project object */;
			proxyType = 1;
			remoteGlobalIDString = 81F514B81E88F1C20031EF16;
			remoteInfo = SHCode;
		};
		81F514DE1E88F1C30031EF16 /* PBXContainerItemProxy */ = {
			isa = PBXContainerItemProxy;
			containerPortal = 81F514B11E88F1C20031EF16 /* Project object */;
			proxyType = 1;
			remoteGlobalIDString = 81F514B81E88F1C20031EF16;
			remoteInfo = SHCode;
		};
/* End PBXContainerItemProxy section */

/* Begin PBXFileReference section */
		073FCB79D80ABB9A8FE56B90 /* Pods-SHCode.release.xcconfig */ = {isa = PBXFileReference; includeInIndex = 1; lastKnownFileType = text.xcconfig; name = "Pods-SHCode.release.xcconfig"; path = "Pods/Target Support Files/Pods-SHCode/Pods-SHCode.release.xcconfig"; sourceTree = "<group>"; };
		290C0B9AAB939F79C245608F /* libPods-SHCode.a */ = {isa = PBXFileReference; explicitFileType = archive.ar; includeInIndex = 0; path = "libPods-SHCode.a"; sourceTree = BUILT_PRODUCTS_DIR; };
		81041FE21E9DC82600C40BFE /* SHUserAccount.h */ = {isa = PBXFileReference; fileEncoding = 4; lastKnownFileType = sourcecode.c.h; path = SHUserAccount.h; sourceTree = "<group>"; };
		81041FE31E9DC82600C40BFE /* SHUserAccount.m */ = {isa = PBXFileReference; fileEncoding = 4; lastKnownFileType = sourcecode.c.objc; path = SHUserAccount.m; sourceTree = "<group>"; };
		81041FE51E9DD78000C40BFE /* SHUserAccountViewModel.h */ = {isa = PBXFileReference; fileEncoding = 4; lastKnownFileType = sourcecode.c.h; path = SHUserAccountViewModel.h; sourceTree = "<group>"; };
		81041FE61E9DD78000C40BFE /* SHUserAccountViewModel.m */ = {isa = PBXFileReference; fileEncoding = 4; lastKnownFileType = sourcecode.c.objc; path = SHUserAccountViewModel.m; sourceTree = "<group>"; };
		81041FEC1E9DFE5800C40BFE /* SHWelcomeViewController.h */ = {isa = PBXFileReference; fileEncoding = 4; lastKnownFileType = sourcecode.c.h; path = SHWelcomeViewController.h; sourceTree = "<group>"; };
		81041FED1E9DFE5800C40BFE /* SHWelcomeViewController.m */ = {isa = PBXFileReference; fileEncoding = 4; lastKnownFileType = sourcecode.c.objc; path = SHWelcomeViewController.m; sourceTree = "<group>"; };
		81041FEE1E9DFE5800C40BFE /* SHWelcomeViewController.xib */ = {isa = PBXFileReference; fileEncoding = 4; lastKnownFileType = file.xib; path = SHWelcomeViewController.xib; sourceTree = "<group>"; };
		81041FF11E9E15B300C40BFE /* SHPathStatsTwoModel.h */ = {isa = PBXFileReference; fileEncoding = 4; lastKnownFileType = sourcecode.c.h; path = SHPathStatsTwoModel.h; sourceTree = "<group>"; };
		81041FF21E9E15B300C40BFE /* SHPathStatsTwoModel.m */ = {isa = PBXFileReference; fileEncoding = 4; lastKnownFileType = sourcecode.c.objc; path = SHPathStatsTwoModel.m; sourceTree = "<group>"; };
		81041FF41E9E15CD00C40BFE /* SHPathTwoUserModel.h */ = {isa = PBXFileReference; fileEncoding = 4; lastKnownFileType = sourcecode.c.h; path = SHPathTwoUserModel.h; sourceTree = "<group>"; };
		81041FF51E9E15CD00C40BFE /* SHPathTwoUserModel.m */ = {isa = PBXFileReference; fileEncoding = 4; lastKnownFileType = sourcecode.c.objc; path = SHPathTwoUserModel.m; sourceTree = "<group>"; };
		81046B821EBAD02000BA95F7 /* SHSeeBigPicViewController.h */ = {isa = PBXFileReference; fileEncoding = 4; lastKnownFileType = sourcecode.c.h; path = SHSeeBigPicViewController.h; sourceTree = "<group>"; };
		81046B831EBAD02000BA95F7 /* SHSeeBigPicViewController.m */ = {isa = PBXFileReference; fileEncoding = 4; lastKnownFileType = sourcecode.c.objc; path = SHSeeBigPicViewController.m; sourceTree = "<group>"; };
		81046B841EBAD02000BA95F7 /* SHSeeBigPicViewController.xib */ = {isa = PBXFileReference; fileEncoding = 4; lastKnownFileType = file.xib; path = SHSeeBigPicViewController.xib; sourceTree = "<group>"; };
		810E93451EA46F8D00B2B032 /* NSDate+SHDate.h */ = {isa = PBXFileReference; fileEncoding = 4; lastKnownFileType = sourcecode.c.h; path = "NSDate+SHDate.h"; sourceTree = "<group>"; };
		810E93461EA46F8D00B2B032 /* NSDate+SHDate.m */ = {isa = PBXFileReference; fileEncoding = 4; lastKnownFileType = sourcecode.c.objc; path = "NSDate+SHDate.m"; sourceTree = "<group>"; };
		810E93481EA46FB900B2B032 /* SHFindEmoticon.h */ = {isa = PBXFileReference; fileEncoding = 4; lastKnownFileType = sourcecode.c.h; path = SHFindEmoticon.h; sourceTree = "<group>"; };
		810E93491EA46FB900B2B032 /* SHFindEmoticon.m */ = {isa = PBXFileReference; fileEncoding = 4; lastKnownFileType = sourcecode.c.objc; path = SHFindEmoticon.m; sourceTree = "<group>"; };
		8115026F1EA4B608001D44B4 /* SHPicCollectionView.h */ = {isa = PBXFileReference; fileEncoding = 4; lastKnownFileType = sourcecode.c.h; path = SHPicCollectionView.h; sourceTree = "<group>"; };
		811502701EA4B608001D44B4 /* SHPicCollectionView.m */ = {isa = PBXFileReference; fileEncoding = 4; lastKnownFileType = sourcecode.c.objc; path = SHPicCollectionView.m; sourceTree = "<group>"; };
		811502721EA4B873001D44B4 /* SHPicCollectionViewCell.h */ = {isa = PBXFileReference; fileEncoding = 4; lastKnownFileType = sourcecode.c.h; path = SHPicCollectionViewCell.h; sourceTree = "<group>"; };
		811502731EA4B873001D44B4 /* SHPicCollectionViewCell.m */ = {isa = PBXFileReference; fileEncoding = 4; lastKnownFileType = sourcecode.c.objc; path = SHPicCollectionViewCell.m; sourceTree = "<group>"; };
		8117833F1F03884F00EECC1F /* SHCollectionViewCell.h */ = {isa = PBXFileReference; fileEncoding = 4; lastKnownFileType = sourcecode.c.h; path = SHCollectionViewCell.h; sourceTree = "<group>"; };
		811783401F03884F00EECC1F /* SHCollectionViewCell.m */ = {isa = PBXFileReference; fileEncoding = 4; lastKnownFileType = sourcecode.c.objc; path = SHCollectionViewCell.m; sourceTree = "<group>"; };
		811783421F03886E00EECC1F /* SHFlowLayout.h */ = {isa = PBXFileReference; fileEncoding = 4; lastKnownFileType = sourcecode.c.h; path = SHFlowLayout.h; sourceTree = "<group>"; };
		811783431F03886E00EECC1F /* SHFlowLayout.m */ = {isa = PBXFileReference; fileEncoding = 4; lastKnownFileType = sourcecode.c.objc; path = SHFlowLayout.m; sourceTree = "<group>"; };
		811783451F038A7600EECC1F /* SHCollectionModel.h */ = {isa = PBXFileReference; fileEncoding = 4; lastKnownFileType = sourcecode.c.h; path = SHCollectionModel.h; sourceTree = "<group>"; };
		811783461F038A7600EECC1F /* SHCollectionModel.m */ = {isa = PBXFileReference; fileEncoding = 4; lastKnownFileType = sourcecode.c.objc; path = SHCollectionModel.m; sourceTree = "<group>"; };
		812B49761EA5C15B00D44C2B /* SHPicCollectionViewCell.xib */ = {isa = PBXFileReference; fileEncoding = 4; lastKnownFileType = file.xib; path = SHPicCollectionViewCell.xib; sourceTree = "<group>"; };
		813FBD341E97776200D93F3F /* SHSubOneAllTableViewController.h */ = {isa = PBXFileReference; fileEncoding = 4; lastKnownFileType = sourcecode.c.h; path = SHSubOneAllTableViewController.h; sourceTree = "<group>"; };
		813FBD351E97776200D93F3F /* SHSubOneAllTableViewController.m */ = {isa = PBXFileReference; fileEncoding = 4; lastKnownFileType = sourcecode.c.objc; path = SHSubOneAllTableViewController.m; sourceTree = "<group>"; };
		813FBD371E9795DE00D93F3F /* SHOneRightItemViewController.xib */ = {isa = PBXFileReference; fileEncoding = 4; lastKnownFileType = file.xib; path = SHOneRightItemViewController.xib; sourceTree = "<group>"; };
		8140DA771E9376A00025DDAE /* SHChildOneTableViewController.h */ = {isa = PBXFileReference; fileEncoding = 4; lastKnownFileType = sourcecode.c.h; path = SHChildOneTableViewController.h; sourceTree = "<group>"; };
		8140DA781E9376A00025DDAE /* SHChildOneTableViewController.m */ = {isa = PBXFileReference; fileEncoding = 4; lastKnownFileType = sourcecode.c.objc; path = SHChildOneTableViewController.m; sourceTree = "<group>"; };
		8140DA7A1E9376B10025DDAE /* SHChildTwoTableViewController.h */ = {isa = PBXFileReference; fileEncoding = 4; lastKnownFileType = sourcecode.c.h; path = SHChildTwoTableViewController.h; sourceTree = "<group>"; };
		8140DA7B1E9376B10025DDAE /* SHChildTwoTableViewController.m */ = {isa = PBXFileReference; fileEncoding = 4; lastKnownFileType = sourcecode.c.objc; path = SHChildTwoTableViewController.m; sourceTree = "<group>"; };
		8140DA7D1E9376C10025DDAE /* SHChildThreeTableViewController.h */ = {isa = PBXFileReference; fileEncoding = 4; lastKnownFileType = sourcecode.c.h; path = SHChildThreeTableViewController.h; sourceTree = "<group>"; };
		8140DA7E1E9376C10025DDAE /* SHChildThreeTableViewController.m */ = {isa = PBXFileReference; fileEncoding = 4; lastKnownFileType = sourcecode.c.objc; path = SHChildThreeTableViewController.m; sourceTree = "<group>"; };
		8140DA801E9376D00025DDAE /* SHChildFourTableViewController.h */ = {isa = PBXFileReference; fileEncoding = 4; lastKnownFileType = sourcecode.c.h; path = SHChildFourTableViewController.h; sourceTree = "<group>"; };
		8140DA811E9376D00025DDAE /* SHChildFourTableViewController.m */ = {isa = PBXFileReference; fileEncoding = 4; lastKnownFileType = sourcecode.c.objc; path = SHChildFourTableViewController.m; sourceTree = "<group>"; };
		8140DA831E9376DC0025DDAE /* SHChildFiveTableViewController.h */ = {isa = PBXFileReference; fileEncoding = 4; lastKnownFileType = sourcecode.c.h; path = SHChildFiveTableViewController.h; sourceTree = "<group>"; };
		8140DA841E9376DC0025DDAE /* SHChildFiveTableViewController.m */ = {isa = PBXFileReference; fileEncoding = 4; lastKnownFileType = sourcecode.c.objc; path = SHChildFiveTableViewController.m; sourceTree = "<group>"; };
		8140DA861E9392BE0025DDAE /* SHOneChildModel.h */ = {isa = PBXFileReference; fileEncoding = 4; lastKnownFileType = sourcecode.c.h; path = SHOneChildModel.h; sourceTree = "<group>"; };
		8140DA871E9392BE0025DDAE /* SHOneChildModel.m */ = {isa = PBXFileReference; fileEncoding = 4; lastKnownFileType = sourcecode.c.objc; path = SHOneChildModel.m; sourceTree = "<group>"; };
		81460F0F1E8B5AAE00897B16 /* SHTabBar.h */ = {isa = PBXFileReference; fileEncoding = 4; lastKnownFileType = sourcecode.c.h; path = SHTabBar.h; sourceTree = "<group>"; };
		81460F101E8B5AAE00897B16 /* SHTabBar.m */ = {isa = PBXFileReference; fileEncoding = 4; lastKnownFileType = sourcecode.c.objc; path = SHTabBar.m; sourceTree = "<group>"; };
		81460F191E8BAC7D00897B16 /* CommonDefine.h */ = {isa = PBXFileReference; fileEncoding = 4; lastKnownFileType = sourcecode.c.h; path = CommonDefine.h; sourceTree = "<group>"; };
		81460F1D1E8BB81900897B16 /* SHOneRightItemViewController.h */ = {isa = PBXFileReference; fileEncoding = 4; lastKnownFileType = sourcecode.c.h; path = SHOneRightItemViewController.h; sourceTree = "<group>"; };
		81460F1E1E8BB81900897B16 /* SHOneRightItemViewController.m */ = {isa = PBXFileReference; fileEncoding = 4; lastKnownFileType = sourcecode.c.objc; path = SHOneRightItemViewController.m; sourceTree = "<group>"; };
		81460F211E8BBF3C00897B16 /* UIBarButtonItem+SHBarItem.h */ = {isa = PBXFileReference; fileEncoding = 4; lastKnownFileType = sourcecode.c.h; path = "UIBarButtonItem+SHBarItem.h"; sourceTree = "<group>"; };
		81460F221E8BBF3C00897B16 /* UIBarButtonItem+SHBarItem.m */ = {isa = PBXFileReference; fileEncoding = 4; lastKnownFileType = sourcecode.c.objc; path = "UIBarButtonItem+SHBarItem.m"; sourceTree = "<group>"; };
		81460F231E8BBF3C00897B16 /* UIImage+SHImage.h */ = {isa = PBXFileReference; fileEncoding = 4; lastKnownFileType = sourcecode.c.h; path = "UIImage+SHImage.h"; sourceTree = "<group>"; };
		81460F241E8BBF3C00897B16 /* UIImage+SHImage.m */ = {isa = PBXFileReference; fileEncoding = 4; lastKnownFileType = sourcecode.c.objc; path = "UIImage+SHImage.m"; sourceTree = "<group>"; };
		81460F251E8BBF3C00897B16 /* UIImageView+SHImageView.h */ = {isa = PBXFileReference; fileEncoding = 4; lastKnownFileType = sourcecode.c.h; path = "UIImageView+SHImageView.h"; sourceTree = "<group>"; };
		81460F261E8BBF3C00897B16 /* UIImageView+SHImageView.m */ = {isa = PBXFileReference; fileEncoding = 4; lastKnownFileType = sourcecode.c.objc; path = "UIImageView+SHImageView.m"; sourceTree = "<group>"; };
		81460F271E8BBF3C00897B16 /* UIView+SHFrame.h */ = {isa = PBXFileReference; fileEncoding = 4; lastKnownFileType = sourcecode.c.h; path = "UIView+SHFrame.h"; sourceTree = "<group>"; };
		81460F281E8BBF3C00897B16 /* UIView+SHFrame.m */ = {isa = PBXFileReference; fileEncoding = 4; lastKnownFileType = sourcecode.c.objc; path = "UIView+SHFrame.m"; sourceTree = "<group>"; };
		81471A911EB9B61300E0BA5B /* NSString+SHEmptyStr.h */ = {isa = PBXFileReference; fileEncoding = 4; lastKnownFileType = sourcecode.c.h; path = "NSString+SHEmptyStr.h"; sourceTree = "<group>"; };
		81471A921EB9B61300E0BA5B /* NSString+SHEmptyStr.m */ = {isa = PBXFileReference; fileEncoding = 4; lastKnownFileType = sourcecode.c.objc; path = "NSString+SHEmptyStr.m"; sourceTree = "<group>"; };
		8166907D1E9CBF4B000F700B /* SHOAuthViewController.h */ = {isa = PBXFileReference; fileEncoding = 4; lastKnownFileType = sourcecode.c.h; path = SHOAuthViewController.h; sourceTree = "<group>"; };
		8166907E1E9CBF4B000F700B /* SHOAuthViewController.m */ = {isa = PBXFileReference; fileEncoding = 4; lastKnownFileType = sourcecode.c.objc; path = SHOAuthViewController.m; sourceTree = "<group>"; };
		8166907F1E9CBF4B000F700B /* SHOAuthViewController.xib */ = {isa = PBXFileReference; fileEncoding = 4; lastKnownFileType = file.xib; path = SHOAuthViewController.xib; sourceTree = "<group>"; };
		8197E75C1E9CCAA0002D7013 /* SHTwoBaseTableViewController.h */ = {isa = PBXFileReference; fileEncoding = 4; lastKnownFileType = sourcecode.c.h; path = SHTwoBaseTableViewController.h; sourceTree = "<group>"; };
		8197E75D1E9CCAA0002D7013 /* SHTwoBaseTableViewController.m */ = {isa = PBXFileReference; fileEncoding = 4; lastKnownFileType = sourcecode.c.objc; path = SHTwoBaseTableViewController.m; sourceTree = "<group>"; };
		8197E75F1E9CCB28002D7013 /* SHVisitorView.h */ = {isa = PBXFileReference; fileEncoding = 4; lastKnownFileType = sourcecode.c.h; path = SHVisitorView.h; sourceTree = "<group>"; };
		8197E7601E9CCB28002D7013 /* SHVisitorView.m */ = {isa = PBXFileReference; fileEncoding = 4; lastKnownFileType = sourcecode.c.objc; path = SHVisitorView.m; sourceTree = "<group>"; };
		8197E7621E9CCB41002D7013 /* SHVisitorView.xib */ = {isa = PBXFileReference; fileEncoding = 4; lastKnownFileType = file.xib; path = SHVisitorView.xib; sourceTree = "<group>"; };
		81AC8AB21E9C817F008658B9 /* SHPathTwoModel.h */ = {isa = PBXFileReference; fileEncoding = 4; lastKnownFileType = sourcecode.c.h; path = SHPathTwoModel.h; sourceTree = "<group>"; };
		81AC8AB31E9C817F008658B9 /* SHPathTwoModel.m */ = {isa = PBXFileReference; fileEncoding = 4; lastKnownFileType = sourcecode.c.objc; path = SHPathTwoModel.m; sourceTree = "<group>"; };
		81AC8AB51E9C8489008658B9 /* SHNetworkTools.h */ = {isa = PBXFileReference; fileEncoding = 4; lastKnownFileType = sourcecode.c.h; path = SHNetworkTools.h; sourceTree = "<group>"; };
		81AC8AB61E9C8489008658B9 /* SHNetworkTools.m */ = {isa = PBXFileReference; fileEncoding = 4; lastKnownFileType = sourcecode.c.objc; path = SHNetworkTools.m; sourceTree = "<group>"; };
		81BA2EA21E8E0AC4006ABCEF /* SHFiveCollectionViewCell.h */ = {isa = PBXFileReference; fileEncoding = 4; lastKnownFileType = sourcecode.c.h; path = SHFiveCollectionViewCell.h; sourceTree = "<group>"; };
		81BA2EA31E8E0AC5006ABCEF /* SHFiveCollectionViewCell.m */ = {isa = PBXFileReference; fileEncoding = 4; lastKnownFileType = sourcecode.c.objc; path = SHFiveCollectionViewCell.m; sourceTree = "<group>"; };
		81BA2EA41E8E0AC5006ABCEF /* SHFiveCollectionViewCell.xib */ = {isa = PBXFileReference; fileEncoding = 4; lastKnownFileType = file.xib; path = SHFiveCollectionViewCell.xib; sourceTree = "<group>"; };
		81BA2EA71E8E3C82006ABCEF /* SHFiveModel.h */ = {isa = PBXFileReference; fileEncoding = 4; lastKnownFileType = sourcecode.c.h; path = SHFiveModel.h; sourceTree = "<group>"; };
		81BA2EA81E8E3C82006ABCEF /* SHFiveModel.m */ = {isa = PBXFileReference; fileEncoding = 4; lastKnownFileType = sourcecode.c.objc; path = SHFiveModel.m; sourceTree = "<group>"; };
		81BA2EAA1E8E47BD006ABCEF /* SHCustomControlTool.h */ = {isa = PBXFileReference; fileEncoding = 4; lastKnownFileType = sourcecode.c.h; path = SHCustomControlTool.h; sourceTree = "<group>"; };
		81BA2EAB1E8E47BD006ABCEF /* SHCustomControlTool.m */ = {isa = PBXFileReference; fileEncoding = 4; lastKnownFileType = sourcecode.c.objc; path = SHCustomControlTool.m; sourceTree = "<group>"; };
		81E3A6581E9B60C3001398F7 /* SHTitleBtn.h */ = {isa = PBXFileReference; fileEncoding = 4; lastKnownFileType = sourcecode.c.h; path = SHTitleBtn.h; sourceTree = "<group>"; };
		81E3A6591E9B60C3001398F7 /* SHTitleBtn.m */ = {isa = PBXFileReference; fileEncoding = 4; lastKnownFileType = sourcecode.c.objc; path = SHTitleBtn.m; sourceTree = "<group>"; };
		81E3A65B1E9B6502001398F7 /* SHPopoverViewController.h */ = {isa = PBXFileReference; fileEncoding = 4; lastKnownFileType = sourcecode.c.h; path = SHPopoverViewController.h; sourceTree = "<group>"; };
		81E3A65C1E9B6502001398F7 /* SHPopoverViewController.m */ = {isa = PBXFileReference; fileEncoding = 4; lastKnownFileType = sourcecode.c.objc; path = SHPopoverViewController.m; sourceTree = "<group>"; };
		81E3A65E1E9B6C28001398F7 /* SHPopAnimator.h */ = {isa = PBXFileReference; fileEncoding = 4; lastKnownFileType = sourcecode.c.h; path = SHPopAnimator.h; sourceTree = "<group>"; };
		81E3A65F1E9B6C28001398F7 /* SHPopAnimator.m */ = {isa = PBXFileReference; fileEncoding = 4; lastKnownFileType = sourcecode.c.objc; path = SHPopAnimator.m; sourceTree = "<group>"; };
		81E3A6611E9B71D4001398F7 /* SHPresentationController.h */ = {isa = PBXFileReference; fileEncoding = 4; lastKnownFileType = sourcecode.c.h; path = SHPresentationController.h; sourceTree = "<group>"; };
		81E3A6621E9B71D4001398F7 /* SHPresentationController.m */ = {isa = PBXFileReference; fileEncoding = 4; lastKnownFileType = sourcecode.c.objc; path = SHPresentationController.m; sourceTree = "<group>"; };
		81E92B6B1EA06DCE008F8ABE /* SHPathTwoCell.h */ = {isa = PBXFileReference; fileEncoding = 4; lastKnownFileType = sourcecode.c.h; path = SHPathTwoCell.h; sourceTree = "<group>"; };
		81E92B6C1EA06DCE008F8ABE /* SHPathTwoCell.m */ = {isa = PBXFileReference; fileEncoding = 4; lastKnownFileType = sourcecode.c.objc; path = SHPathTwoCell.m; sourceTree = "<group>"; };
		81E92B721EA0C193008F8ABE /* SHPathTwoCell.xib */ = {isa = PBXFileReference; fileEncoding = 4; lastKnownFileType = file.xib; path = SHPathTwoCell.xib; sourceTree = "<group>"; };
		81F47D0F1E98D52F000A72B6 /* SHLoginRegisterViewController.h */ = {isa = PBXFileReference; fileEncoding = 4; lastKnownFileType = sourcecode.c.h; path = SHLoginRegisterViewController.h; sourceTree = "<group>"; };
		81F47D101E98D52F000A72B6 /* SHLoginRegisterViewController.m */ = {isa = PBXFileReference; fileEncoding = 4; lastKnownFileType = sourcecode.c.objc; path = SHLoginRegisterViewController.m; sourceTree = "<group>"; };
		81F47D111E98D52F000A72B6 /* SHLoginRegisterViewController.xib */ = {isa = PBXFileReference; fileEncoding = 4; lastKnownFileType = file.xib; path = SHLoginRegisterViewController.xib; sourceTree = "<group>"; };
		81F47D161E98D53D000A72B6 /* SHOneChildTableViewCell.h */ = {isa = PBXFileReference; fileEncoding = 4; lastKnownFileType = sourcecode.c.h; path = SHOneChildTableViewCell.h; sourceTree = "<group>"; };
		81F47D171E98D53D000A72B6 /* SHOneChildTableViewCell.m */ = {isa = PBXFileReference; fileEncoding = 4; lastKnownFileType = sourcecode.c.objc; path = SHOneChildTableViewCell.m; sourceTree = "<group>"; };
		81F47D181E98D53D000A72B6 /* SHOneChildTableViewCell.xib */ = {isa = PBXFileReference; fileEncoding = 4; lastKnownFileType = file.xib; path = SHOneChildTableViewCell.xib; sourceTree = "<group>"; };
		81F47D191E98D53D000A72B6 /* SHTopicPictureView.h */ = {isa = PBXFileReference; fileEncoding = 4; lastKnownFileType = sourcecode.c.h; path = SHTopicPictureView.h; sourceTree = "<group>"; };
		81F47D1A1E98D53D000A72B6 /* SHTopicPictureView.m */ = {isa = PBXFileReference; fileEncoding = 4; lastKnownFileType = sourcecode.c.objc; path = SHTopicPictureView.m; sourceTree = "<group>"; };
		81F47D1B1E98D53D000A72B6 /* SHTopicPictureView.xib */ = {isa = PBXFileReference; fileEncoding = 4; lastKnownFileType = file.xib; path = SHTopicPictureView.xib; sourceTree = "<group>"; };
		81F47D1C1E98D53D000A72B6 /* SHTopicVideoView.h */ = {isa = PBXFileReference; fileEncoding = 4; lastKnownFileType = sourcecode.c.h; path = SHTopicVideoView.h; sourceTree = "<group>"; };
		81F47D1D1E98D53D000A72B6 /* SHTopicVideoView.m */ = {isa = PBXFileReference; fileEncoding = 4; lastKnownFileType = sourcecode.c.objc; path = SHTopicVideoView.m; sourceTree = "<group>"; };
		81F47D1E1E98D53D000A72B6 /* SHTopicVideoView.xib */ = {isa = PBXFileReference; fileEncoding = 4; lastKnownFileType = file.xib; path = SHTopicVideoView.xib; sourceTree = "<group>"; };
		81F47D1F1E98D53D000A72B6 /* SHTopicVoiceView.h */ = {isa = PBXFileReference; fileEncoding = 4; lastKnownFileType = sourcecode.c.h; path = SHTopicVoiceView.h; sourceTree = "<group>"; };
		81F47D201E98D53D000A72B6 /* SHTopicVoiceView.m */ = {isa = PBXFileReference; fileEncoding = 4; lastKnownFileType = sourcecode.c.objc; path = SHTopicVoiceView.m; sourceTree = "<group>"; };
		81F47D211E98D53D000A72B6 /* SHTopicVoiceView.xib */ = {isa = PBXFileReference; fileEncoding = 4; lastKnownFileType = file.xib; path = SHTopicVoiceView.xib; sourceTree = "<group>"; };
		81F47D2A1E98D657000A72B6 /* SHLoginRegisterView.h */ = {isa = PBXFileReference; fileEncoding = 4; lastKnownFileType = sourcecode.c.h; path = SHLoginRegisterView.h; sourceTree = "<group>"; };
		81F47D2B1E98D657000A72B6 /* SHLoginRegisterView.m */ = {isa = PBXFileReference; fileEncoding = 4; lastKnownFileType = sourcecode.c.objc; path = SHLoginRegisterView.m; sourceTree = "<group>"; };
		81F47D2D1E98D665000A72B6 /* SHLoginRegisterView.xib */ = {isa = PBXFileReference; fileEncoding = 4; lastKnownFileType = file.xib; path = SHLoginRegisterView.xib; sourceTree = "<group>"; };
		81F47D2F1E990184000A72B6 /* SHLoginField.h */ = {isa = PBXFileReference; fileEncoding = 4; lastKnownFileType = sourcecode.c.h; path = SHLoginField.h; sourceTree = "<group>"; };
		81F47D301E990184000A72B6 /* SHLoginField.m */ = {isa = PBXFileReference; fileEncoding = 4; lastKnownFileType = sourcecode.c.objc; path = SHLoginField.m; sourceTree = "<group>"; };
		81F47D321E990244000A72B6 /* UITextField+SHPlaceholder.h */ = {isa = PBXFileReference; fileEncoding = 4; lastKnownFileType = sourcecode.c.h; path = "UITextField+SHPlaceholder.h"; sourceTree = "<group>"; };
		81F47D331E990244000A72B6 /* UITextField+SHPlaceholder.m */ = {isa = PBXFileReference; fileEncoding = 4; lastKnownFileType = sourcecode.c.objc; path = "UITextField+SHPlaceholder.m"; sourceTree = "<group>"; };
		81F47D351E991308000A72B6 /* SHFastLoginView.h */ = {isa = PBXFileReference; fileEncoding = 4; lastKnownFileType = sourcecode.c.h; path = SHFastLoginView.h; sourceTree = "<group>"; };
		81F47D361E991308000A72B6 /* SHFastLoginView.m */ = {isa = PBXFileReference; fileEncoding = 4; lastKnownFileType = sourcecode.c.objc; path = SHFastLoginView.m; sourceTree = "<group>"; };
		81F47D381E991316000A72B6 /* SHFastLoginView.xib */ = {isa = PBXFileReference; fileEncoding = 4; lastKnownFileType = file.xib; path = SHFastLoginView.xib; sourceTree = "<group>"; };
		81F514B91E88F1C20031EF16 /* SHCode.app */ = {isa = PBXFileReference; explicitFileType = wrapper.application; includeInIndex = 0; path = SHCode.app; sourceTree = BUILT_PRODUCTS_DIR; };
		81F514BD1E88F1C20031EF16 /* main.m */ = {isa = PBXFileReference; lastKnownFileType = sourcecode.c.objc; path = main.m; sourceTree = "<group>"; };
		81F514C61E88F1C20031EF16 /* Base */ = {isa = PBXFileReference; lastKnownFileType = file.storyboard; name = Base; path = Base.lproj/Main.storyboard; sourceTree = "<group>"; };
		81F514C81E88F1C20031EF16 /* Assets.xcassets */ = {isa = PBXFileReference; lastKnownFileType = folder.assetcatalog; path = Assets.xcassets; sourceTree = "<group>"; };
		81F514CB1E88F1C20031EF16 /* Base */ = {isa = PBXFileReference; lastKnownFileType = file.storyboard; name = Base; path = Base.lproj/LaunchScreen.storyboard; sourceTree = "<group>"; };
		81F514CD1E88F1C20031EF16 /* Info.plist */ = {isa = PBXFileReference; lastKnownFileType = text.plist.xml; path = Info.plist; sourceTree = "<group>"; };
		81F514D21E88F1C20031EF16 /* SHCodeTests.xctest */ = {isa = PBXFileReference; explicitFileType = wrapper.cfbundle; includeInIndex = 0; path = SHCodeTests.xctest; sourceTree = BUILT_PRODUCTS_DIR; };
		81F514D61E88F1C20031EF16 /* SHCodeTests.m */ = {isa = PBXFileReference; lastKnownFileType = sourcecode.c.objc; path = SHCodeTests.m; sourceTree = "<group>"; };
		81F514D81E88F1C20031EF16 /* Info.plist */ = {isa = PBXFileReference; lastKnownFileType = text.plist.xml; path = Info.plist; sourceTree = "<group>"; };
		81F514DD1E88F1C30031EF16 /* SHCodeUITests.xctest */ = {isa = PBXFileReference; explicitFileType = wrapper.cfbundle; includeInIndex = 0; path = SHCodeUITests.xctest; sourceTree = BUILT_PRODUCTS_DIR; };
		81F514E11E88F1C30031EF16 /* SHCodeUITests.m */ = {isa = PBXFileReference; lastKnownFileType = sourcecode.c.objc; path = SHCodeUITests.m; sourceTree = "<group>"; };
		81F514E31E88F1C30031EF16 /* Info.plist */ = {isa = PBXFileReference; lastKnownFileType = text.plist.xml; path = Info.plist; sourceTree = "<group>"; };
		81F514F01E88F2940031EF16 /* AppDelegate.h */ = {isa = PBXFileReference; fileEncoding = 4; lastKnownFileType = sourcecode.c.h; path = AppDelegate.h; sourceTree = "<group>"; };
		81F514F11E88F2940031EF16 /* AppDelegate.m */ = {isa = PBXFileReference; fileEncoding = 4; lastKnownFileType = sourcecode.c.objc; path = AppDelegate.m; sourceTree = "<group>"; };
		81F5150B1E88FA3A0031EF16 /* SHCustomTBarController.h */ = {isa = PBXFileReference; fileEncoding = 4; lastKnownFileType = sourcecode.c.h; path = SHCustomTBarController.h; sourceTree = "<group>"; };
		81F5150C1E88FA3A0031EF16 /* SHCustomTBarController.m */ = {isa = PBXFileReference; fileEncoding = 4; lastKnownFileType = sourcecode.c.objc; path = SHCustomTBarController.m; sourceTree = "<group>"; };
		81F515121E88FC330031EF16 /* SHBaseViewController.h */ = {isa = PBXFileReference; fileEncoding = 4; lastKnownFileType = sourcecode.c.h; path = SHBaseViewController.h; sourceTree = "<group>"; };
		81F515131E88FC330031EF16 /* SHBaseViewController.m */ = {isa = PBXFileReference; fileEncoding = 4; lastKnownFileType = sourcecode.c.objc; path = SHBaseViewController.m; sourceTree = "<group>"; };
		81F515151E88FC4D0031EF16 /* SHFiveViewController.h */ = {isa = PBXFileReference; fileEncoding = 4; lastKnownFileType = sourcecode.c.h; path = SHFiveViewController.h; sourceTree = "<group>"; };
		81F515161E88FC4D0031EF16 /* SHFiveViewController.m */ = {isa = PBXFileReference; fileEncoding = 4; lastKnownFileType = sourcecode.c.objc; path = SHFiveViewController.m; sourceTree = "<group>"; };
		81F515181E88FC5F0031EF16 /* SHFourViewController.h */ = {isa = PBXFileReference; fileEncoding = 4; lastKnownFileType = sourcecode.c.h; path = SHFourViewController.h; sourceTree = "<group>"; };
		81F515191E88FC5F0031EF16 /* SHFourViewController.m */ = {isa = PBXFileReference; fileEncoding = 4; lastKnownFileType = sourcecode.c.objc; path = SHFourViewController.m; sourceTree = "<group>"; };
		81F5151B1E88FC6D0031EF16 /* SHThreeViewController.h */ = {isa = PBXFileReference; fileEncoding = 4; lastKnownFileType = sourcecode.c.h; path = SHThreeViewController.h; sourceTree = "<group>"; };
		81F5151C1E88FC6D0031EF16 /* SHThreeViewController.m */ = {isa = PBXFileReference; fileEncoding = 4; lastKnownFileType = sourcecode.c.objc; path = SHThreeViewController.m; sourceTree = "<group>"; };
		81F5151E1E88FC7C0031EF16 /* SHTwoViewController.h */ = {isa = PBXFileReference; fileEncoding = 4; lastKnownFileType = sourcecode.c.h; path = SHTwoViewController.h; sourceTree = "<group>"; };
		81F5151F1E88FC7C0031EF16 /* SHTwoViewController.m */ = {isa = PBXFileReference; fileEncoding = 4; lastKnownFileType = sourcecode.c.objc; path = SHTwoViewController.m; sourceTree = "<group>"; };
		81F515211E88FC8D0031EF16 /* SHOneViewController.h */ = {isa = PBXFileReference; fileEncoding = 4; lastKnownFileType = sourcecode.c.h; path = SHOneViewController.h; sourceTree = "<group>"; };
		81F515221E88FC8D0031EF16 /* SHOneViewController.m */ = {isa = PBXFileReference; fileEncoding = 4; lastKnownFileType = sourcecode.c.objc; path = SHOneViewController.m; sourceTree = "<group>"; };
		81F515241E88FD730031EF16 /* SHCode.pch */ = {isa = PBXFileReference; fileEncoding = 4; lastKnownFileType = sourcecode.c.h; path = SHCode.pch; sourceTree = "<group>"; };
		81FD44C81E8A3CBD00783B94 /* SHBaseNavViewController.h */ = {isa = PBXFileReference; fileEncoding = 4; lastKnownFileType = sourcecode.c.h; path = SHBaseNavViewController.h; sourceTree = "<group>"; };
		81FD44C91E8A3CBD00783B94 /* SHBaseNavViewController.m */ = {isa = PBXFileReference; fileEncoding = 4; lastKnownFileType = sourcecode.c.objc; path = SHBaseNavViewController.m; sourceTree = "<group>"; };
		81FDF8E81E9A163D00EE075B /* SHFastBtn.h */ = {isa = PBXFileReference; fileEncoding = 4; lastKnownFileType = sourcecode.c.h; path = SHFastBtn.h; sourceTree = "<group>"; };
		81FDF8E91E9A163D00EE075B /* SHFastBtn.m */ = {isa = PBXFileReference; fileEncoding = 4; lastKnownFileType = sourcecode.c.objc; path = SHFastBtn.m; sourceTree = "<group>"; };
		81FDF8EC1E9A2DB000EE075B /* SHWebViewController.h */ = {isa = PBXFileReference; fileEncoding = 4; lastKnownFileType = sourcecode.c.h; path = SHWebViewController.h; sourceTree = "<group>"; };
		81FDF8ED1E9A2DB000EE075B /* SHWebViewController.m */ = {isa = PBXFileReference; fileEncoding = 4; lastKnownFileType = sourcecode.c.objc; path = SHWebViewController.m; sourceTree = "<group>"; };
		81FDF8EE1E9A2DB000EE075B /* SHWebViewController.xib */ = {isa = PBXFileReference; fileEncoding = 4; lastKnownFileType = file.xib; path = SHWebViewController.xib; sourceTree = "<group>"; };
		81FDF8F21E9A45F000EE075B /* SHSettingTableViewController.h */ = {isa = PBXFileReference; fileEncoding = 4; lastKnownFileType = sourcecode.c.h; path = SHSettingTableViewController.h; sourceTree = "<group>"; };
		81FDF8F31E9A45F000EE075B /* SHSettingTableViewController.m */ = {isa = PBXFileReference; fileEncoding = 4; lastKnownFileType = sourcecode.c.objc; path = SHSettingTableViewController.m; sourceTree = "<group>"; };
		81FF0DF81E8CB8EE0014DA88 /* SHFiveViewController.storyboard */ = {isa = PBXFileReference; fileEncoding = 4; lastKnownFileType = file.storyboard; path = SHFiveViewController.storyboard; sourceTree = "<group>"; };
		81FF0DFA1E8CD9270014DA88 /* SHConstStr.h */ = {isa = PBXFileReference; fileEncoding = 4; lastKnownFileType = sourcecode.c.h; path = SHConstStr.h; sourceTree = "<group>"; };
		81FF0DFB1E8CD9270014DA88 /* SHConstStr.m */ = {isa = PBXFileReference; fileEncoding = 4; lastKnownFileType = sourcecode.c.objc; path = SHConstStr.m; sourceTree = "<group>"; };
		81FF2D0F1E9B245900DE34AE /* SHFileTool.h */ = {isa = PBXFileReference; fileEncoding = 4; lastKnownFileType = sourcecode.c.h; path = SHFileTool.h; sourceTree = "<group>"; };
		81FF2D101E9B245900DE34AE /* SHFileTool.m */ = {isa = PBXFileReference; fileEncoding = 4; lastKnownFileType = sourcecode.c.objc; path = SHFileTool.m; sourceTree = "<group>"; };
		C82DCC211868858F32BB8FC7 /* Pods-SHCode.debug.xcconfig */ = {isa = PBXFileReference; includeInIndex = 1; lastKnownFileType = text.xcconfig; name = "Pods-SHCode.debug.xcconfig"; path = "Pods/Target Support Files/Pods-SHCode/Pods-SHCode.debug.xcconfig"; sourceTree = "<group>"; };
/* End PBXFileReference section */

/* Begin PBXFrameworksBuildPhase section */
		81F514B61E88F1C20031EF16 /* Frameworks */ = {
			isa = PBXFrameworksBuildPhase;
			buildActionMask = 2147483647;
			files = (
				34F90D3FEF9CD13FA583690F /* libPods-SHCode.a in Frameworks */,
			);
			runOnlyForDeploymentPostprocessing = 0;
		};
		81F514CF1E88F1C20031EF16 /* Frameworks */ = {
			isa = PBXFrameworksBuildPhase;
			buildActionMask = 2147483647;
			files = (
			);
			runOnlyForDeploymentPostprocessing = 0;
		};
		81F514DA1E88F1C30031EF16 /* Frameworks */ = {
			isa = PBXFrameworksBuildPhase;
			buildActionMask = 2147483647;
			files = (
			);
			runOnlyForDeploymentPostprocessing = 0;
		};
/* End PBXFrameworksBuildPhase section */

/* Begin PBXGroup section */
		81041FE81E9DFD0900C40BFE /* Welcome */ = {
			isa = PBXGroup;
			children = (
				81041FE91E9DFD0900C40BFE /* Controllers */,
				81041FEA1E9DFD0900C40BFE /* Models */,
				81041FEB1E9DFD0900C40BFE /* Views */,
			);
			path = Welcome;
			sourceTree = "<group>";
		};
		81041FE91E9DFD0900C40BFE /* Controllers */ = {
			isa = PBXGroup;
			children = (
				81041FEC1E9DFE5800C40BFE /* SHWelcomeViewController.h */,
				81041FED1E9DFE5800C40BFE /* SHWelcomeViewController.m */,
				81041FEE1E9DFE5800C40BFE /* SHWelcomeViewController.xib */,
			);
			path = Controllers;
			sourceTree = "<group>";
		};
		81041FEA1E9DFD0900C40BFE /* Models */ = {
			isa = PBXGroup;
			children = (
			);
			path = Models;
			sourceTree = "<group>";
		};
		81041FEB1E9DFD0900C40BFE /* Views */ = {
			isa = PBXGroup;
			children = (
			);
			path = Views;
			sourceTree = "<group>";
		};
		8140DA761E93765D0025DDAE /* SubControllers */ = {
			isa = PBXGroup;
			children = (
				8140DA771E9376A00025DDAE /* SHChildOneTableViewController.h */,
				8140DA781E9376A00025DDAE /* SHChildOneTableViewController.m */,
				8140DA7A1E9376B10025DDAE /* SHChildTwoTableViewController.h */,
				8140DA7B1E9376B10025DDAE /* SHChildTwoTableViewController.m */,
				8140DA7D1E9376C10025DDAE /* SHChildThreeTableViewController.h */,
				8140DA7E1E9376C10025DDAE /* SHChildThreeTableViewController.m */,
				8140DA801E9376D00025DDAE /* SHChildFourTableViewController.h */,
				8140DA811E9376D00025DDAE /* SHChildFourTableViewController.m */,
				8140DA831E9376DC0025DDAE /* SHChildFiveTableViewController.h */,
				8140DA841E9376DC0025DDAE /* SHChildFiveTableViewController.m */,
				813FBD341E97776200D93F3F /* SHSubOneAllTableViewController.h */,
				813FBD351E97776200D93F3F /* SHSubOneAllTableViewController.m */,
			);
			path = SubControllers;
			sourceTree = "<group>";
		};
		81460F201E8BBF3C00897B16 /* Catgray */ = {
			isa = PBXGroup;
			children = (
				81460F211E8BBF3C00897B16 /* UIBarButtonItem+SHBarItem.h */,
				81460F221E8BBF3C00897B16 /* UIBarButtonItem+SHBarItem.m */,
				81460F231E8BBF3C00897B16 /* UIImage+SHImage.h */,
				81460F241E8BBF3C00897B16 /* UIImage+SHImage.m */,
				81460F251E8BBF3C00897B16 /* UIImageView+SHImageView.h */,
				81460F261E8BBF3C00897B16 /* UIImageView+SHImageView.m */,
				81460F271E8BBF3C00897B16 /* UIView+SHFrame.h */,
				81460F281E8BBF3C00897B16 /* UIView+SHFrame.m */,
				81F47D321E990244000A72B6 /* UITextField+SHPlaceholder.h */,
				81F47D331E990244000A72B6 /* UITextField+SHPlaceholder.m */,
				810E93451EA46F8D00B2B032 /* NSDate+SHDate.h */,
				810E93461EA46F8D00B2B032 /* NSDate+SHDate.m */,
				81471A911EB9B61300E0BA5B /* NSString+SHEmptyStr.h */,
				81471A921EB9B61300E0BA5B /* NSString+SHEmptyStr.m */,
			);
			path = Catgray;
			sourceTree = "<group>";
		};
		81460F291E8BBF3C00897B16 /* Tools */ = {
			isa = PBXGroup;
			children = (
				81FF0DFA1E8CD9270014DA88 /* SHConstStr.h */,
				81FF0DFB1E8CD9270014DA88 /* SHConstStr.m */,
				81BA2EAA1E8E47BD006ABCEF /* SHCustomControlTool.h */,
				81BA2EAB1E8E47BD006ABCEF /* SHCustomControlTool.m */,
				81FF2D0F1E9B245900DE34AE /* SHFileTool.h */,
				81FF2D101E9B245900DE34AE /* SHFileTool.m */,
				81E3A6581E9B60C3001398F7 /* SHTitleBtn.h */,
				81E3A6591E9B60C3001398F7 /* SHTitleBtn.m */,
				81E3A65E1E9B6C28001398F7 /* SHPopAnimator.h */,
				81E3A65F1E9B6C28001398F7 /* SHPopAnimator.m */,
				81AC8AB51E9C8489008658B9 /* SHNetworkTools.h */,
				81AC8AB61E9C8489008658B9 /* SHNetworkTools.m */,
				810E93481EA46FB900B2B032 /* SHFindEmoticon.h */,
				810E93491EA46FB900B2B032 /* SHFindEmoticon.m */,
			);
			path = Tools;
			sourceTree = "<group>";
		};
		81AC8AB81E9CBA53008658B9 /* OAuth */ = {
			isa = PBXGroup;
			children = (
				81AC8AB91E9CBA53008658B9 /* Controllers */,
				81AC8ABA1E9CBA53008658B9 /* Models */,
				81AC8ABB1E9CBA53008658B9 /* Views */,
			);
			path = OAuth;
			sourceTree = "<group>";
		};
		81AC8AB91E9CBA53008658B9 /* Controllers */ = {
			isa = PBXGroup;
			children = (
				8166907D1E9CBF4B000F700B /* SHOAuthViewController.h */,
				8166907E1E9CBF4B000F700B /* SHOAuthViewController.m */,
				8166907F1E9CBF4B000F700B /* SHOAuthViewController.xib */,
			);
			path = Controllers;
			sourceTree = "<group>";
		};
		81AC8ABA1E9CBA53008658B9 /* Models */ = {
			isa = PBXGroup;
			children = (
			);
			path = Models;
			sourceTree = "<group>";
		};
		81AC8ABB1E9CBA53008658B9 /* Views */ = {
			isa = PBXGroup;
			children = (
				81041FE21E9DC82600C40BFE /* SHUserAccount.h */,
				81041FE31E9DC82600C40BFE /* SHUserAccount.m */,
				81041FE51E9DD78000C40BFE /* SHUserAccountViewModel.h */,
				81041FE61E9DD78000C40BFE /* SHUserAccountViewModel.m */,
			);
			path = Views;
			sourceTree = "<group>";
		};
		81F47D0E1E98D52F000A72B6 /* LoginControllers */ = {
			isa = PBXGroup;
			children = (
				81F47D0F1E98D52F000A72B6 /* SHLoginRegisterViewController.h */,
				81F47D101E98D52F000A72B6 /* SHLoginRegisterViewController.m */,
				81F47D111E98D52F000A72B6 /* SHLoginRegisterViewController.xib */,
			);
			path = LoginControllers;
			sourceTree = "<group>";
		};
		81F47D141E98D53D000A72B6 /* LoginViews */ = {
			isa = PBXGroup;
			children = (
				81F47D2A1E98D657000A72B6 /* SHLoginRegisterView.h */,
				81F47D2B1E98D657000A72B6 /* SHLoginRegisterView.m */,
				81F47D2D1E98D665000A72B6 /* SHLoginRegisterView.xib */,
				81F47D2F1E990184000A72B6 /* SHLoginField.h */,
				81F47D301E990184000A72B6 /* SHLoginField.m */,
				81F47D351E991308000A72B6 /* SHFastLoginView.h */,
				81F47D361E991308000A72B6 /* SHFastLoginView.m */,
				81F47D381E991316000A72B6 /* SHFastLoginView.xib */,
				81FDF8E81E9A163D00EE075B /* SHFastBtn.h */,
				81FDF8E91E9A163D00EE075B /* SHFastBtn.m */,
			);
			path = LoginViews;
			sourceTree = "<group>";
		};
		81F47D151E98D53D000A72B6 /* SubViews */ = {
			isa = PBXGroup;
			children = (
				81F47D161E98D53D000A72B6 /* SHOneChildTableViewCell.h */,
				81F47D171E98D53D000A72B6 /* SHOneChildTableViewCell.m */,
				81F47D181E98D53D000A72B6 /* SHOneChildTableViewCell.xib */,
				81F47D191E98D53D000A72B6 /* SHTopicPictureView.h */,
				81F47D1A1E98D53D000A72B6 /* SHTopicPictureView.m */,
				81F47D1B1E98D53D000A72B6 /* SHTopicPictureView.xib */,
				81F47D1C1E98D53D000A72B6 /* SHTopicVideoView.h */,
				81F47D1D1E98D53D000A72B6 /* SHTopicVideoView.m */,
				81F47D1E1E98D53D000A72B6 /* SHTopicVideoView.xib */,
				81F47D1F1E98D53D000A72B6 /* SHTopicVoiceView.h */,
				81F47D201E98D53D000A72B6 /* SHTopicVoiceView.m */,
				81F47D211E98D53D000A72B6 /* SHTopicVoiceView.xib */,
			);
			path = SubViews;
			sourceTree = "<group>";
		};
		81F514B01E88F1C20031EF16 = {
			isa = PBXGroup;
			children = (
				81F514BB1E88F1C20031EF16 /* SHCode */,
				81F514D51E88F1C20031EF16 /* SHCodeTests */,
				81F514E01E88F1C30031EF16 /* SHCodeUITests */,
				81F514BA1E88F1C20031EF16 /* Products */,
				E3317BFE8A8854423FE9E9EF /* Pods */,
				98C4036A42503AD3710A7234 /* Frameworks */,
			);
			sourceTree = "<group>";
		};
		81F514BA1E88F1C20031EF16 /* Products */ = {
			isa = PBXGroup;
			children = (
				81F514B91E88F1C20031EF16 /* SHCode.app */,
				81F514D21E88F1C20031EF16 /* SHCodeTests.xctest */,
				81F514DD1E88F1C30031EF16 /* SHCodeUITests.xctest */,
			);
			name = Products;
			sourceTree = "<group>";
		};
		81F514BB1E88F1C20031EF16 /* SHCode */ = {
			isa = PBXGroup;
			children = (
				81041FE81E9DFD0900C40BFE /* Welcome */,
				81AC8AB81E9CBA53008658B9 /* OAuth */,
				81F515071E88F2AE0031EF16 /* Main */,
				81F514FA1E88F2940031EF16 /* PathOne */,
				81F514F21E88F2940031EF16 /* PathFive */,
				81F514F61E88F2940031EF16 /* PathFour */,
				81F514FE1E88F2940031EF16 /* PathThree */,
				81F515021E88F2940031EF16 /* PathTwo */,
				81F5150E1E88FC180031EF16 /* Base */,
				81F514EF1E88F2940031EF16 /* Other */,
				81F514C51E88F1C20031EF16 /* Main.storyboard */,
				81F514C81E88F1C20031EF16 /* Assets.xcassets */,
				81F514CA1E88F1C20031EF16 /* LaunchScreen.storyboard */,
				81F514CD1E88F1C20031EF16 /* Info.plist */,
				81F514BC1E88F1C20031EF16 /* Supporting Files */,
			);
			path = SHCode;
			sourceTree = "<group>";
		};
		81F514BC1E88F1C20031EF16 /* Supporting Files */ = {
			isa = PBXGroup;
			children = (
				81F514BD1E88F1C20031EF16 /* main.m */,
			);
			name = "Supporting Files";
			sourceTree = "<group>";
		};
		81F514D51E88F1C20031EF16 /* SHCodeTests */ = {
			isa = PBXGroup;
			children = (
				81F514D61E88F1C20031EF16 /* SHCodeTests.m */,
				81F514D81E88F1C20031EF16 /* Info.plist */,
			);
			path = SHCodeTests;
			sourceTree = "<group>";
		};
		81F514E01E88F1C30031EF16 /* SHCodeUITests */ = {
			isa = PBXGroup;
			children = (
				81F514E11E88F1C30031EF16 /* SHCodeUITests.m */,
				81F514E31E88F1C30031EF16 /* Info.plist */,
			);
			path = SHCodeUITests;
			sourceTree = "<group>";
		};
		81F514EF1E88F2940031EF16 /* Other */ = {
			isa = PBXGroup;
			children = (
				81460F201E8BBF3C00897B16 /* Catgray */,
				81460F291E8BBF3C00897B16 /* Tools */,
				81F514F01E88F2940031EF16 /* AppDelegate.h */,
				81F514F11E88F2940031EF16 /* AppDelegate.m */,
				81F515241E88FD730031EF16 /* SHCode.pch */,
				81460F191E8BAC7D00897B16 /* CommonDefine.h */,
			);
			path = Other;
			sourceTree = "<group>";
		};
		81F514F21E88F2940031EF16 /* PathFive */ = {
			isa = PBXGroup;
			children = (
				81F514F31E88F2940031EF16 /* Controllers */,
				81F514F41E88F2940031EF16 /* Models */,
				81F514F51E88F2940031EF16 /* Views */,
			);
			path = PathFive;
			sourceTree = "<group>";
		};
		81F514F31E88F2940031EF16 /* Controllers */ = {
			isa = PBXGroup;
			children = (
				81FDF8EB1E9A2D8F00EE075B /* WebControllers */,
				81F515151E88FC4D0031EF16 /* SHFiveViewController.h */,
				81F515161E88FC4D0031EF16 /* SHFiveViewController.m */,
				81FF0DF81E8CB8EE0014DA88 /* SHFiveViewController.storyboard */,
				81FDF8F11E9A45AF00EE075B /* SettingControlers */,
			);
			path = Controllers;
			sourceTree = "<group>";
		};
		81F514F41E88F2940031EF16 /* Models */ = {
			isa = PBXGroup;
			children = (
				81BA2EA71E8E3C82006ABCEF /* SHFiveModel.h */,
				81BA2EA81E8E3C82006ABCEF /* SHFiveModel.m */,
			);
			path = Models;
			sourceTree = "<group>";
		};
		81F514F51E88F2940031EF16 /* Views */ = {
			isa = PBXGroup;
			children = (
				81BA2EA21E8E0AC4006ABCEF /* SHFiveCollectionViewCell.h */,
				81BA2EA31E8E0AC5006ABCEF /* SHFiveCollectionViewCell.m */,
				81BA2EA41E8E0AC5006ABCEF /* SHFiveCollectionViewCell.xib */,
			);
			path = Views;
			sourceTree = "<group>";
		};
		81F514F61E88F2940031EF16 /* PathFour */ = {
			isa = PBXGroup;
			children = (
				81F514F71E88F2940031EF16 /* Controllers */,
				81F514F81E88F2940031EF16 /* Models */,
				81F514F91E88F2940031EF16 /* Views */,
			);
			path = PathFour;
			sourceTree = "<group>";
		};
		81F514F71E88F2940031EF16 /* Controllers */ = {
			isa = PBXGroup;
			children = (
				81F515181E88FC5F0031EF16 /* SHFourViewController.h */,
				81F515191E88FC5F0031EF16 /* SHFourViewController.m */,
			);
			path = Controllers;
			sourceTree = "<group>";
		};
		81F514F81E88F2940031EF16 /* Models */ = {
			isa = PBXGroup;
			children = (
				811783451F038A7600EECC1F /* SHCollectionModel.h */,
				811783461F038A7600EECC1F /* SHCollectionModel.m */,
			);
			path = Models;
			sourceTree = "<group>";
		};
		81F514F91E88F2940031EF16 /* Views */ = {
			isa = PBXGroup;
			children = (
				8117833F1F03884F00EECC1F /* SHCollectionViewCell.h */,
				811783401F03884F00EECC1F /* SHCollectionViewCell.m */,
				811783421F03886E00EECC1F /* SHFlowLayout.h */,
				811783431F03886E00EECC1F /* SHFlowLayout.m */,
			);
			path = Views;
			sourceTree = "<group>";
		};
		81F514FA1E88F2940031EF16 /* PathOne */ = {
			isa = PBXGroup;
			children = (
				81F514FB1E88F2940031EF16 /* Controllers */,
				81F514FC1E88F2940031EF16 /* Models */,
				81F514FD1E88F2940031EF16 /* Views */,
			);
			path = PathOne;
			sourceTree = "<group>";
		};
		81F514FB1E88F2940031EF16 /* Controllers */ = {
			isa = PBXGroup;
			children = (
				81F515211E88FC8D0031EF16 /* SHOneViewController.h */,
				81F515221E88FC8D0031EF16 /* SHOneViewController.m */,
				81046B821EBAD02000BA95F7 /* SHSeeBigPicViewController.h */,
				81046B831EBAD02000BA95F7 /* SHSeeBigPicViewController.m */,
				81046B841EBAD02000BA95F7 /* SHSeeBigPicViewController.xib */,
				8140DA761E93765D0025DDAE /* SubControllers */,
				81460F1D1E8BB81900897B16 /* SHOneRightItemViewController.h */,
				81460F1E1E8BB81900897B16 /* SHOneRightItemViewController.m */,
				813FBD371E9795DE00D93F3F /* SHOneRightItemViewController.xib */,
				81F47D0E1E98D52F000A72B6 /* LoginControllers */,
			);
			path = Controllers;
			sourceTree = "<group>";
		};
		81F514FC1E88F2940031EF16 /* Models */ = {
			isa = PBXGroup;
			children = (
				8140DA861E9392BE0025DDAE /* SHOneChildModel.h */,
				8140DA871E9392BE0025DDAE /* SHOneChildModel.m */,
			);
			path = Models;
			sourceTree = "<group>";
		};
		81F514FD1E88F2940031EF16 /* Views */ = {
			isa = PBXGroup;
			children = (
				81F47D141E98D53D000A72B6 /* LoginViews */,
				81F47D151E98D53D000A72B6 /* SubViews */,
			);
			path = Views;
			sourceTree = "<group>";
		};
		81F514FE1E88F2940031EF16 /* PathThree */ = {
			isa = PBXGroup;
			children = (
				81F514FF1E88F2940031EF16 /* Controllers */,
				81F515001E88F2940031EF16 /* Models */,
				81F515011E88F2940031EF16 /* Views */,
			);
			path = PathThree;
			sourceTree = "<group>";
		};
		81F514FF1E88F2940031EF16 /* Controllers */ = {
			isa = PBXGroup;
			children = (
				81F5151B1E88FC6D0031EF16 /* SHThreeViewController.h */,
				81F5151C1E88FC6D0031EF16 /* SHThreeViewController.m */,
			);
			path = Controllers;
			sourceTree = "<group>";
		};
		81F515001E88F2940031EF16 /* Models */ = {
			isa = PBXGroup;
			children = (
			);
			path = Models;
			sourceTree = "<group>";
		};
		81F515011E88F2940031EF16 /* Views */ = {
			isa = PBXGroup;
			children = (
			);
			path = Views;
			sourceTree = "<group>";
		};
		81F515021E88F2940031EF16 /* PathTwo */ = {
			isa = PBXGroup;
			children = (
				81F515031E88F2940031EF16 /* Controllers */,
				81F515041E88F2940031EF16 /* Models */,
				81F515051E88F2940031EF16 /* Views */,
			);
			path = PathTwo;
			sourceTree = "<group>";
		};
		81F515031E88F2940031EF16 /* Controllers */ = {
			isa = PBXGroup;
			children = (
				81F5151E1E88FC7C0031EF16 /* SHTwoViewController.h */,
				81F5151F1E88FC7C0031EF16 /* SHTwoViewController.m */,
				81E3A65B1E9B6502001398F7 /* SHPopoverViewController.h */,
				81E3A65C1E9B6502001398F7 /* SHPopoverViewController.m */,
				81E3A6611E9B71D4001398F7 /* SHPresentationController.h */,
				81E3A6621E9B71D4001398F7 /* SHPresentationController.m */,
				8197E75C1E9CCAA0002D7013 /* SHTwoBaseTableViewController.h */,
				8197E75D1E9CCAA0002D7013 /* SHTwoBaseTableViewController.m */,
			);
			path = Controllers;
			sourceTree = "<group>";
		};
		81F515041E88F2940031EF16 /* Models */ = {
			isa = PBXGroup;
			children = (
				81AC8AB21E9C817F008658B9 /* SHPathTwoModel.h */,
				81AC8AB31E9C817F008658B9 /* SHPathTwoModel.m */,
				81041FF11E9E15B300C40BFE /* SHPathStatsTwoModel.h */,
				81041FF21E9E15B300C40BFE /* SHPathStatsTwoModel.m */,
				81041FF41E9E15CD00C40BFE /* SHPathTwoUserModel.h */,
				81041FF51E9E15CD00C40BFE /* SHPathTwoUserModel.m */,
			);
			path = Models;
			sourceTree = "<group>";
		};
		81F515051E88F2940031EF16 /* Views */ = {
			isa = PBXGroup;
			children = (
				8197E75F1E9CCB28002D7013 /* SHVisitorView.h */,
				8197E7601E9CCB28002D7013 /* SHVisitorView.m */,
				8197E7621E9CCB41002D7013 /* SHVisitorView.xib */,
				81E92B6B1EA06DCE008F8ABE /* SHPathTwoCell.h */,
				81E92B6C1EA06DCE008F8ABE /* SHPathTwoCell.m */,
				81E92B721EA0C193008F8ABE /* SHPathTwoCell.xib */,
				8115026F1EA4B608001D44B4 /* SHPicCollectionView.h */,
				811502701EA4B608001D44B4 /* SHPicCollectionView.m */,
				811502721EA4B873001D44B4 /* SHPicCollectionViewCell.h */,
				811502731EA4B873001D44B4 /* SHPicCollectionViewCell.m */,
				812B49761EA5C15B00D44C2B /* SHPicCollectionViewCell.xib */,
			);
			path = Views;
			sourceTree = "<group>";
		};
		81F515071E88F2AE0031EF16 /* Main */ = {
			isa = PBXGroup;
			children = (
				81F515081E88F2AE0031EF16 /* Controllers */,
				81F515091E88F2AE0031EF16 /* Models */,
				81F5150A1E88F2AE0031EF16 /* Views */,
			);
			path = Main;
			sourceTree = "<group>";
		};
		81F515081E88F2AE0031EF16 /* Controllers */ = {
			isa = PBXGroup;
			children = (
				81F5150B1E88FA3A0031EF16 /* SHCustomTBarController.h */,
				81F5150C1E88FA3A0031EF16 /* SHCustomTBarController.m */,
				81FD44C81E8A3CBD00783B94 /* SHBaseNavViewController.h */,
				81FD44C91E8A3CBD00783B94 /* SHBaseNavViewController.m */,
			);
			path = Controllers;
			sourceTree = "<group>";
		};
		81F515091E88F2AE0031EF16 /* Models */ = {
			isa = PBXGroup;
			children = (
			);
			path = Models;
			sourceTree = "<group>";
		};
		81F5150A1E88F2AE0031EF16 /* Views */ = {
			isa = PBXGroup;
			children = (
				81460F0F1E8B5AAE00897B16 /* SHTabBar.h */,
				81460F101E8B5AAE00897B16 /* SHTabBar.m */,
			);
			path = Views;
			sourceTree = "<group>";
		};
		81F5150E1E88FC180031EF16 /* Base */ = {
			isa = PBXGroup;
			children = (
				81F5150F1E88FC180031EF16 /* Controllers */,
				81F515101E88FC180031EF16 /* Models */,
				81F515111E88FC180031EF16 /* Views */,
			);
			path = Base;
			sourceTree = "<group>";
		};
		81F5150F1E88FC180031EF16 /* Controllers */ = {
			isa = PBXGroup;
			children = (
				81F515121E88FC330031EF16 /* SHBaseViewController.h */,
				81F515131E88FC330031EF16 /* SHBaseViewController.m */,
			);
			path = Controllers;
			sourceTree = "<group>";
		};
		81F515101E88FC180031EF16 /* Models */ = {
			isa = PBXGroup;
			children = (
			);
			path = Models;
			sourceTree = "<group>";
		};
		81F515111E88FC180031EF16 /* Views */ = {
			isa = PBXGroup;
			children = (
			);
			path = Views;
			sourceTree = "<group>";
		};
		81FDF8EB1E9A2D8F00EE075B /* WebControllers */ = {
			isa = PBXGroup;
			children = (
				81FDF8EC1E9A2DB000EE075B /* SHWebViewController.h */,
				81FDF8ED1E9A2DB000EE075B /* SHWebViewController.m */,
				81FDF8EE1E9A2DB000EE075B /* SHWebViewController.xib */,
			);
			path = WebControllers;
			sourceTree = "<group>";
		};
		81FDF8F11E9A45AF00EE075B /* SettingControlers */ = {
			isa = PBXGroup;
			children = (
				81FDF8F21E9A45F000EE075B /* SHSettingTableViewController.h */,
				81FDF8F31E9A45F000EE075B /* SHSettingTableViewController.m */,
			);
			path = SettingControlers;
			sourceTree = "<group>";
		};
		98C4036A42503AD3710A7234 /* Frameworks */ = {
			isa = PBXGroup;
			children = (
				290C0B9AAB939F79C245608F /* libPods-SHCode.a */,
			);
			name = Frameworks;
			sourceTree = "<group>";
		};
		E3317BFE8A8854423FE9E9EF /* Pods */ = {
			isa = PBXGroup;
			children = (
				C82DCC211868858F32BB8FC7 /* Pods-SHCode.debug.xcconfig */,
				073FCB79D80ABB9A8FE56B90 /* Pods-SHCode.release.xcconfig */,
			);
			name = Pods;
			sourceTree = "<group>";
		};
/* End PBXGroup section */

/* Begin PBXNativeTarget section */
		81F514B81E88F1C20031EF16 /* SHCode */ = {
			isa = PBXNativeTarget;
			buildConfigurationList = 81F514E61E88F1C30031EF16 /* Build configuration list for PBXNativeTarget "SHCode" */;
			buildPhases = (
				7A464FAE36B41A7D7DF9FBAB /* [CP] Check Pods Manifest.lock */,
				81F514B51E88F1C20031EF16 /* Sources */,
				81F514B61E88F1C20031EF16 /* Frameworks */,
				81F514B71E88F1C20031EF16 /* Resources */,
				96B698AC505144D9C7484C8F /* [CP] Embed Pods Frameworks */,
				300E9AC53F2DE52BDFCAF56B /* [CP] Copy Pods Resources */,
			);
			buildRules = (
			);
			dependencies = (
			);
			name = SHCode;
			productName = SHCode;
			productReference = 81F514B91E88F1C20031EF16 /* SHCode.app */;
			productType = "com.apple.product-type.application";
		};
		81F514D11E88F1C20031EF16 /* SHCodeTests */ = {
			isa = PBXNativeTarget;
			buildConfigurationList = 81F514E91E88F1C30031EF16 /* Build configuration list for PBXNativeTarget "SHCodeTests" */;
			buildPhases = (
				81F514CE1E88F1C20031EF16 /* Sources */,
				81F514CF1E88F1C20031EF16 /* Frameworks */,
				81F514D01E88F1C20031EF16 /* Resources */,
			);
			buildRules = (
			);
			dependencies = (
				81F514D41E88F1C20031EF16 /* PBXTargetDependency */,
			);
			name = SHCodeTests;
			productName = SHCodeTests;
			productReference = 81F514D21E88F1C20031EF16 /* SHCodeTests.xctest */;
			productType = "com.apple.product-type.bundle.unit-test";
		};
		81F514DC1E88F1C30031EF16 /* SHCodeUITests */ = {
			isa = PBXNativeTarget;
			buildConfigurationList = 81F514EC1E88F1C30031EF16 /* Build configuration list for PBXNativeTarget "SHCodeUITests" */;
			buildPhases = (
				81F514D91E88F1C30031EF16 /* Sources */,
				81F514DA1E88F1C30031EF16 /* Frameworks */,
				81F514DB1E88F1C30031EF16 /* Resources */,
			);
			buildRules = (
			);
			dependencies = (
				81F514DF1E88F1C30031EF16 /* PBXTargetDependency */,
			);
			name = SHCodeUITests;
			productName = SHCodeUITests;
			productReference = 81F514DD1E88F1C30031EF16 /* SHCodeUITests.xctest */;
			productType = "com.apple.product-type.bundle.ui-testing";
		};
/* End PBXNativeTarget section */

/* Begin PBXProject section */
		81F514B11E88F1C20031EF16 /* Project object */ = {
			isa = PBXProject;
			attributes = {
				LastUpgradeCheck = 0820;
				ORGANIZATIONNAME = ios;
				TargetAttributes = {
					81F514B81E88F1C20031EF16 = {
						CreatedOnToolsVersion = 8.2.1;
						DevelopmentTeam = V2HDPP64PV;
						ProvisioningStyle = Automatic;
					};
					81F514D11E88F1C20031EF16 = {
						CreatedOnToolsVersion = 8.2.1;
						ProvisioningStyle = Automatic;
						TestTargetID = 81F514B81E88F1C20031EF16;
					};
					81F514DC1E88F1C30031EF16 = {
						CreatedOnToolsVersion = 8.2.1;
						ProvisioningStyle = Automatic;
						TestTargetID = 81F514B81E88F1C20031EF16;
					};
				};
			};
			buildConfigurationList = 81F514B41E88F1C20031EF16 /* Build configuration list for PBXProject "SHCode" */;
			compatibilityVersion = "Xcode 3.2";
			developmentRegion = English;
			hasScannedForEncodings = 0;
			knownRegions = (
				en,
				Base,
			);
			mainGroup = 81F514B01E88F1C20031EF16;
			productRefGroup = 81F514BA1E88F1C20031EF16 /* Products */;
			projectDirPath = "";
			projectRoot = "";
			targets = (
				81F514B81E88F1C20031EF16 /* SHCode */,
				81F514D11E88F1C20031EF16 /* SHCodeTests */,
				81F514DC1E88F1C30031EF16 /* SHCodeUITests */,
			);
		};
/* End PBXProject section */

/* Begin PBXResourcesBuildPhase section */
		81F514B71E88F1C20031EF16 /* Resources */ = {
			isa = PBXResourcesBuildPhase;
			buildActionMask = 2147483647;
			files = (
				81E92B731EA0C193008F8ABE /* SHPathTwoCell.xib in Resources */,
				81F47D2E1E98D665000A72B6 /* SHLoginRegisterView.xib in Resources */,
				81F47D231E98D53D000A72B6 /* SHOneChildTableViewCell.xib in Resources */,
				81F514CC1E88F1C20031EF16 /* LaunchScreen.storyboard in Resources */,
				81BA2EA61E8E0AC5006ABCEF /* SHFiveCollectionViewCell.xib in Resources */,
				816690811E9CBF4B000F700B /* SHOAuthViewController.xib in Resources */,
				813FBD381E9795DE00D93F3F /* SHOneRightItemViewController.xib in Resources */,
				81041FF01E9DFE5800C40BFE /* SHWelcomeViewController.xib in Resources */,
				81F514C91E88F1C20031EF16 /* Assets.xcassets in Resources */,
				81F47D251E98D53D000A72B6 /* SHTopicPictureView.xib in Resources */,
				8197E7631E9CCB41002D7013 /* SHVisitorView.xib in Resources */,
				81F47D291E98D53D000A72B6 /* SHTopicVoiceView.xib in Resources */,
				812B49771EA5C15B00D44C2B /* SHPicCollectionViewCell.xib in Resources */,
				81FF0DF91E8CB8EE0014DA88 /* SHFiveViewController.storyboard in Resources */,
				81F47D391E991316000A72B6 /* SHFastLoginView.xib in Resources */,
				81046B861EBAD02000BA95F7 /* SHSeeBigPicViewController.xib in Resources */,
				81F47D131E98D52F000A72B6 /* SHLoginRegisterViewController.xib in Resources */,
				81F514C71E88F1C20031EF16 /* Main.storyboard in Resources */,
				81FDF8F01E9A2DB000EE075B /* SHWebViewController.xib in Resources */,
				81F47D271E98D53D000A72B6 /* SHTopicVideoView.xib in Resources */,
			);
			runOnlyForDeploymentPostprocessing = 0;
		};
		81F514D01E88F1C20031EF16 /* Resources */ = {
			isa = PBXResourcesBuildPhase;
			buildActionMask = 2147483647;
			files = (
			);
			runOnlyForDeploymentPostprocessing = 0;
		};
		81F514DB1E88F1C30031EF16 /* Resources */ = {
			isa = PBXResourcesBuildPhase;
			buildActionMask = 2147483647;
			files = (
			);
			runOnlyForDeploymentPostprocessing = 0;
		};
/* End PBXResourcesBuildPhase section */

/* Begin PBXShellScriptBuildPhase section */
		300E9AC53F2DE52BDFCAF56B /* [CP] Copy Pods Resources */ = {
			isa = PBXShellScriptBuildPhase;
			buildActionMask = 2147483647;
			files = (
			);
			inputPaths = (
			);
			name = "[CP] Copy Pods Resources";
			outputPaths = (
			);
			runOnlyForDeploymentPostprocessing = 0;
			shellPath = /bin/sh;
			shellScript = "\"${SRCROOT}/Pods/Target Support Files/Pods-SHCode/Pods-SHCode-resources.sh\"\n";
			showEnvVarsInLog = 0;
		};
		7A464FAE36B41A7D7DF9FBAB /* [CP] Check Pods Manifest.lock */ = {
			isa = PBXShellScriptBuildPhase;
			buildActionMask = 2147483647;
			files = (
			);
			inputPaths = (
			);
			name = "[CP] Check Pods Manifest.lock";
			outputPaths = (
			);
			runOnlyForDeploymentPostprocessing = 0;
			shellPath = /bin/sh;
			shellScript = "diff \"${PODS_ROOT}/../Podfile.lock\" \"${PODS_ROOT}/Manifest.lock\" > /dev/null\nif [ $? != 0 ] ; then\n    # print error to STDERR\n    echo \"error: The sandbox is not in sync with the Podfile.lock. Run 'pod install' or update your CocoaPods installation.\" >&2\n    exit 1\nfi\n";
			showEnvVarsInLog = 0;
		};
		96B698AC505144D9C7484C8F /* [CP] Embed Pods Frameworks */ = {
			isa = PBXShellScriptBuildPhase;
			buildActionMask = 2147483647;
			files = (
			);
			inputPaths = (
			);
			name = "[CP] Embed Pods Frameworks";
			outputPaths = (
			);
			runOnlyForDeploymentPostprocessing = 0;
			shellPath = /bin/sh;
			shellScript = "\"${SRCROOT}/Pods/Target Support Files/Pods-SHCode/Pods-SHCode-frameworks.sh\"\n";
			showEnvVarsInLog = 0;
		};
/* End PBXShellScriptBuildPhase section */

/* Begin PBXSourcesBuildPhase section */
		81F514B51E88F1C20031EF16 /* Sources */ = {
			isa = PBXSourcesBuildPhase;
			buildActionMask = 2147483647;
			files = (
				81460F2B1E8BBF3C00897B16 /* UIImage+SHImage.m in Sources */,
				8140DA851E9376DC0025DDAE /* SHChildFiveTableViewController.m in Sources */,
				81E92B6D1EA06DCE008F8ABE /* SHPathTwoCell.m in Sources */,
				8197E7611E9CCB28002D7013 /* SHVisitorView.m in Sources */,
				81F5151D1E88FC6D0031EF16 /* SHThreeViewController.m in Sources */,
				81460F1F1E8BB81900897B16 /* SHOneRightItemViewController.m in Sources */,
				811783471F038A7600EECC1F /* SHCollectionModel.m in Sources */,
				81460F2A1E8BBF3C00897B16 /* UIBarButtonItem+SHBarItem.m in Sources */,
				81041FE71E9DD78000C40BFE /* SHUserAccountViewModel.m in Sources */,
				810E934A1EA46FB900B2B032 /* SHFindEmoticon.m in Sources */,
				81F47D371E991308000A72B6 /* SHFastLoginView.m in Sources */,
				81FDF8EF1E9A2DB000EE075B /* SHWebViewController.m in Sources */,
				8140DA7F1E9376C10025DDAE /* SHChildThreeTableViewController.m in Sources */,
				81F515171E88FC4D0031EF16 /* SHFiveViewController.m in Sources */,
				81BA2EA91E8E3C82006ABCEF /* SHFiveModel.m in Sources */,
				81460F2D1E8BBF3C00897B16 /* UIView+SHFrame.m in Sources */,
				811783411F03884F00EECC1F /* SHCollectionViewCell.m in Sources */,
				81E3A6601E9B6C28001398F7 /* SHPopAnimator.m in Sources */,
				81F5151A1E88FC5F0031EF16 /* SHFourViewController.m in Sources */,
				81FDF8F41E9A45F000EE075B /* SHSettingTableViewController.m in Sources */,
				81F514BE1E88F1C20031EF16 /* main.m in Sources */,
				81F47D261E98D53D000A72B6 /* SHTopicVideoView.m in Sources */,
				8197E75E1E9CCAA0002D7013 /* SHTwoBaseTableViewController.m in Sources */,
				81041FF61E9E15CD00C40BFE /* SHPathTwoUserModel.m in Sources */,
				81F515231E88FC8D0031EF16 /* SHOneViewController.m in Sources */,
				81460F111E8B5AAE00897B16 /* SHTabBar.m in Sources */,
				81E3A65D1E9B6502001398F7 /* SHPopoverViewController.m in Sources */,
				81041FEF1E9DFE5800C40BFE /* SHWelcomeViewController.m in Sources */,
				8140DA791E9376A00025DDAE /* SHChildOneTableViewController.m in Sources */,
				81F47D241E98D53D000A72B6 /* SHTopicPictureView.m in Sources */,
				81FF0DFC1E8CD9270014DA88 /* SHConstStr.m in Sources */,
				811783441F03886E00EECC1F /* SHFlowLayout.m in Sources */,
				816690801E9CBF4B000F700B /* SHOAuthViewController.m in Sources */,
				811502741EA4B873001D44B4 /* SHPicCollectionViewCell.m in Sources */,
				81460F2C1E8BBF3C00897B16 /* UIImageView+SHImageView.m in Sources */,
				81AC8AB71E9C8489008658B9 /* SHNetworkTools.m in Sources */,
				81BA2EAC1E8E47BD006ABCEF /* SHCustomControlTool.m in Sources */,
				81F515201E88FC7C0031EF16 /* SHTwoViewController.m in Sources */,
				81F5150D1E88FA3A0031EF16 /* SHCustomTBarController.m in Sources */,
				81041FF31E9E15B300C40BFE /* SHPathStatsTwoModel.m in Sources */,
				81FF2D111E9B245900DE34AE /* SHFileTool.m in Sources */,
				813FBD361E97776200D93F3F /* SHSubOneAllTableViewController.m in Sources */,
				81E3A6631E9B71D4001398F7 /* SHPresentationController.m in Sources */,
				81046B851EBAD02000BA95F7 /* SHSeeBigPicViewController.m in Sources */,
				8140DA821E9376D00025DDAE /* SHChildFourTableViewController.m in Sources */,
				811502711EA4B608001D44B4 /* SHPicCollectionView.m in Sources */,
				81F515141E88FC330031EF16 /* SHBaseViewController.m in Sources */,
				81F47D2C1E98D657000A72B6 /* SHLoginRegisterView.m in Sources */,
				81F47D281E98D53D000A72B6 /* SHTopicVoiceView.m in Sources */,
				81041FE41E9DC82600C40BFE /* SHUserAccount.m in Sources */,
				81FDF8EA1E9A163D00EE075B /* SHFastBtn.m in Sources */,
				81F47D121E98D52F000A72B6 /* SHLoginRegisterViewController.m in Sources */,
				810E93471EA46F8D00B2B032 /* NSDate+SHDate.m in Sources */,
				81BA2EA51E8E0AC5006ABCEF /* SHFiveCollectionViewCell.m in Sources */,
				81471A931EB9B61300E0BA5B /* NSString+SHEmptyStr.m in Sources */,
				81AC8AB41E9C817F008658B9 /* SHPathTwoModel.m in Sources */,
				8140DA881E9392BE0025DDAE /* SHOneChildModel.m in Sources */,
				81F47D311E990184000A72B6 /* SHLoginField.m in Sources */,
				81F47D341E990244000A72B6 /* UITextField+SHPlaceholder.m in Sources */,
				81FD44CA1E8A3CBD00783B94 /* SHBaseNavViewController.m in Sources */,
				81E3A65A1E9B60C3001398F7 /* SHTitleBtn.m in Sources */,
				81F47D221E98D53D000A72B6 /* SHOneChildTableViewCell.m in Sources */,
				8140DA7C1E9376B10025DDAE /* SHChildTwoTableViewController.m in Sources */,
				81F515061E88F2940031EF16 /* AppDelegate.m in Sources */,
			);
			runOnlyForDeploymentPostprocessing = 0;
		};
		81F514CE1E88F1C20031EF16 /* Sources */ = {
			isa = PBXSourcesBuildPhase;
			buildActionMask = 2147483647;
			files = (
				81F514D71E88F1C20031EF16 /* SHCodeTests.m in Sources */,
			);
			runOnlyForDeploymentPostprocessing = 0;
		};
		81F514D91E88F1C30031EF16 /* Sources */ = {
			isa = PBXSourcesBuildPhase;
			buildActionMask = 2147483647;
			files = (
				81F514E21E88F1C30031EF16 /* SHCodeUITests.m in Sources */,
			);
			runOnlyForDeploymentPostprocessing = 0;
		};
/* End PBXSourcesBuildPhase section */

/* Begin PBXTargetDependency section */
		81F514D41E88F1C20031EF16 /* PBXTargetDependency */ = {
			isa = PBXTargetDependency;
			target = 81F514B81E88F1C20031EF16 /* SHCode */;
			targetProxy = 81F514D31E88F1C20031EF16 /* PBXContainerItemProxy */;
		};
		81F514DF1E88F1C30031EF16 /* PBXTargetDependency */ = {
			isa = PBXTargetDependency;
			target = 81F514B81E88F1C20031EF16 /* SHCode */;
			targetProxy = 81F514DE1E88F1C30031EF16 /* PBXContainerItemProxy */;
		};
/* End PBXTargetDependency section */

/* Begin PBXVariantGroup section */
		81F514C51E88F1C20031EF16 /* Main.storyboard */ = {
			isa = PBXVariantGroup;
			children = (
				81F514C61E88F1C20031EF16 /* Base */,
			);
			name = Main.storyboard;
			sourceTree = "<group>";
		};
		81F514CA1E88F1C20031EF16 /* LaunchScreen.storyboard */ = {
			isa = PBXVariantGroup;
			children = (
				81F514CB1E88F1C20031EF16 /* Base */,
			);
			name = LaunchScreen.storyboard;
			sourceTree = "<group>";
		};
/* End PBXVariantGroup section */

/* Begin XCBuildConfiguration section */
		81F514E41E88F1C30031EF16 /* Debug */ = {
			isa = XCBuildConfiguration;
			buildSettings = {
				ALWAYS_SEARCH_USER_PATHS = NO;
				CLANG_ANALYZER_NONNULL = YES;
				CLANG_CXX_LANGUAGE_STANDARD = "gnu++0x";
				CLANG_CXX_LIBRARY = "libc++";
				CLANG_ENABLE_MODULES = YES;
				CLANG_ENABLE_OBJC_ARC = YES;
				CLANG_WARN_BOOL_CONVERSION = YES;
				CLANG_WARN_CONSTANT_CONVERSION = YES;
				CLANG_WARN_DIRECT_OBJC_ISA_USAGE = YES_ERROR;
				CLANG_WARN_DOCUMENTATION_COMMENTS = YES;
				CLANG_WARN_EMPTY_BODY = YES;
				CLANG_WARN_ENUM_CONVERSION = YES;
				CLANG_WARN_INFINITE_RECURSION = YES;
				CLANG_WARN_INT_CONVERSION = YES;
				CLANG_WARN_OBJC_ROOT_CLASS = YES_ERROR;
				CLANG_WARN_SUSPICIOUS_MOVE = YES;
				CLANG_WARN_UNREACHABLE_CODE = YES;
				CLANG_WARN__DUPLICATE_METHOD_MATCH = YES;
				"CODE_SIGN_IDENTITY[sdk=iphoneos*]" = "iPhone Developer";
				COPY_PHASE_STRIP = NO;
				DEBUG_INFORMATION_FORMAT = dwarf;
				ENABLE_STRICT_OBJC_MSGSEND = YES;
				ENABLE_TESTABILITY = YES;
				GCC_C_LANGUAGE_STANDARD = gnu99;
				GCC_DYNAMIC_NO_PIC = NO;
				GCC_NO_COMMON_BLOCKS = YES;
				GCC_OPTIMIZATION_LEVEL = 0;
				GCC_PREPROCESSOR_DEFINITIONS = (
					"DEBUG=1",
					"$(inherited)",
				);
				GCC_WARN_64_TO_32_BIT_CONVERSION = YES;
				GCC_WARN_ABOUT_RETURN_TYPE = YES_ERROR;
				GCC_WARN_UNDECLARED_SELECTOR = YES;
				GCC_WARN_UNINITIALIZED_AUTOS = YES_AGGRESSIVE;
				GCC_WARN_UNUSED_FUNCTION = YES;
				GCC_WARN_UNUSED_VARIABLE = YES;
				IPHONEOS_DEPLOYMENT_TARGET = 10.2;
				MTL_ENABLE_DEBUG_INFO = YES;
				ONLY_ACTIVE_ARCH = YES;
				SDKROOT = iphoneos;
				TARGETED_DEVICE_FAMILY = "1,2";
			};
			name = Debug;
		};
		81F514E51E88F1C30031EF16 /* Release */ = {
			isa = XCBuildConfiguration;
			buildSettings = {
				ALWAYS_SEARCH_USER_PATHS = NO;
				CLANG_ANALYZER_NONNULL = YES;
				CLANG_CXX_LANGUAGE_STANDARD = "gnu++0x";
				CLANG_CXX_LIBRARY = "libc++";
				CLANG_ENABLE_MODULES = YES;
				CLANG_ENABLE_OBJC_ARC = YES;
				CLANG_WARN_BOOL_CONVERSION = YES;
				CLANG_WARN_CONSTANT_CONVERSION = YES;
				CLANG_WARN_DIRECT_OBJC_ISA_USAGE = YES_ERROR;
				CLANG_WARN_DOCUMENTATION_COMMENTS = YES;
				CLANG_WARN_EMPTY_BODY = YES;
				CLANG_WARN_ENUM_CONVERSION = YES;
				CLANG_WARN_INFINITE_RECURSION = YES;
				CLANG_WARN_INT_CONVERSION = YES;
				CLANG_WARN_OBJC_ROOT_CLASS = YES_ERROR;
				CLANG_WARN_SUSPICIOUS_MOVE = YES;
				CLANG_WARN_UNREACHABLE_CODE = YES;
				CLANG_WARN__DUPLICATE_METHOD_MATCH = YES;
				"CODE_SIGN_IDENTITY[sdk=iphoneos*]" = "iPhone Developer";
				COPY_PHASE_STRIP = NO;
				DEBUG_INFORMATION_FORMAT = "dwarf-with-dsym";
				ENABLE_NS_ASSERTIONS = NO;
				ENABLE_STRICT_OBJC_MSGSEND = YES;
				GCC_C_LANGUAGE_STANDARD = gnu99;
				GCC_NO_COMMON_BLOCKS = YES;
				GCC_WARN_64_TO_32_BIT_CONVERSION = YES;
				GCC_WARN_ABOUT_RETURN_TYPE = YES_ERROR;
				GCC_WARN_UNDECLARED_SELECTOR = YES;
				GCC_WARN_UNINITIALIZED_AUTOS = YES_AGGRESSIVE;
				GCC_WARN_UNUSED_FUNCTION = YES;
				GCC_WARN_UNUSED_VARIABLE = YES;
				IPHONEOS_DEPLOYMENT_TARGET = 10.2;
				MTL_ENABLE_DEBUG_INFO = NO;
				SDKROOT = iphoneos;
				TARGETED_DEVICE_FAMILY = "1,2";
				VALIDATE_PRODUCT = YES;
			};
			name = Release;
		};
		81F514E71E88F1C30031EF16 /* Debug */ = {
			isa = XCBuildConfiguration;
			baseConfigurationReference = C82DCC211868858F32BB8FC7 /* Pods-SHCode.debug.xcconfig */;
			buildSettings = {
				ASSETCATALOG_COMPILER_APPICON_NAME = AppIcon;
				"CODE_SIGN_IDENTITY[sdk=iphoneos*]" = "iPhone Developer";
				DEVELOPMENT_TEAM = V2HDPP64PV;
				GCC_PREFIX_HEADER = "/Users/ios/Documents/iOSTest/代码/iOSCodeTabBar/SHCode/SHCode/Other/SHCode.pch";
				INFOPLIST_FILE = SHCode/Info.plist;
				IPHONEOS_DEPLOYMENT_TARGET = 8.0;
				LD_RUNPATH_SEARCH_PATHS = "$(inherited) @executable_path/Frameworks";
				PRODUCT_BUNDLE_IDENTIFIER = sh.SHCode;
				PRODUCT_NAME = "$(TARGET_NAME)";
			};
			name = Debug;
		};
		81F514E81E88F1C30031EF16 /* Release */ = {
			isa = XCBuildConfiguration;
			baseConfigurationReference = 073FCB79D80ABB9A8FE56B90 /* Pods-SHCode.release.xcconfig */;
			buildSettings = {
				ASSETCATALOG_COMPILER_APPICON_NAME = AppIcon;
				"CODE_SIGN_IDENTITY[sdk=iphoneos*]" = "iPhone Developer";
				DEVELOPMENT_TEAM = V2HDPP64PV;
				GCC_PREFIX_HEADER = "/Users/ios/Documents/iOSTest/代码/iOSCodeTabBar/SHCode/SHCode/Other/SHCode.pch";
				INFOPLIST_FILE = SHCode/Info.plist;
				IPHONEOS_DEPLOYMENT_TARGET = 8.0;
				LD_RUNPATH_SEARCH_PATHS = "$(inherited) @executable_path/Frameworks";
				PRODUCT_BUNDLE_IDENTIFIER = sh.SHCode;
				PRODUCT_NAME = "$(TARGET_NAME)";
			};
			name = Release;
		};
		81F514EA1E88F1C30031EF16 /* Debug */ = {
			isa = XCBuildConfiguration;
			buildSettings = {
				BUNDLE_LOADER = "$(TEST_HOST)";
				INFOPLIST_FILE = SHCodeTests/Info.plist;
				LD_RUNPATH_SEARCH_PATHS = "$(inherited) @executable_path/Frameworks @loader_path/Frameworks";
				PRODUCT_BUNDLE_IDENTIFIER = sh.SHCodeTests;
				PRODUCT_NAME = "$(TARGET_NAME)";
				TEST_HOST = "$(BUILT_PRODUCTS_DIR)/SHCode.app/SHCode";
			};
			name = Debug;
		};
		81F514EB1E88F1C30031EF16 /* Release */ = {
			isa = XCBuildConfiguration;
			buildSettings = {
				BUNDLE_LOADER = "$(TEST_HOST)";
				INFOPLIST_FILE = SHCodeTests/Info.plist;
				LD_RUNPATH_SEARCH_PATHS = "$(inherited) @executable_path/Frameworks @loader_path/Frameworks";
				PRODUCT_BUNDLE_IDENTIFIER = sh.SHCodeTests;
				PRODUCT_NAME = "$(TARGET_NAME)";
				TEST_HOST = "$(BUILT_PRODUCTS_DIR)/SHCode.app/SHCode";
			};
			name = Release;
		};
		81F514ED1E88F1C30031EF16 /* Debug */ = {
			isa = XCBuildConfiguration;
			buildSettings = {
				INFOPLIST_FILE = SHCodeUITests/Info.plist;
				LD_RUNPATH_SEARCH_PATHS = "$(inherited) @executable_path/Frameworks @loader_path/Frameworks";
				PRODUCT_BUNDLE_IDENTIFIER = sh.SHCodeUITests;
				PRODUCT_NAME = "$(TARGET_NAME)";
				TEST_TARGET_NAME = SHCode;
			};
			name = Debug;
		};
		81F514EE1E88F1C30031EF16 /* Release */ = {
			isa = XCBuildConfiguration;
			buildSettings = {
				INFOPLIST_FILE = SHCodeUITests/Info.plist;
				LD_RUNPATH_SEARCH_PATHS = "$(inherited) @executable_path/Frameworks @loader_path/Frameworks";
				PRODUCT_BUNDLE_IDENTIFIER = sh.SHCodeUITests;
				PRODUCT_NAME = "$(TARGET_NAME)";
				TEST_TARGET_NAME = SHCode;
			};
			name = Release;
		};
/* End XCBuildConfiguration section */

/* Begin XCConfigurationList section */
		81F514B41E88F1C20031EF16 /* Build configuration list for PBXProject "SHCode" */ = {
			isa = XCConfigurationList;
			buildConfigurations = (
				81F514E41E88F1C30031EF16 /* Debug */,
				81F514E51E88F1C30031EF16 /* Release */,
			);
			defaultConfigurationIsVisible = 0;
			defaultConfigurationName = Release;
		};
		81F514E61E88F1C30031EF16 /* Build configuration list for PBXNativeTarget "SHCode" */ = {
			isa = XCConfigurationList;
			buildConfigurations = (
				81F514E71E88F1C30031EF16 /* Debug */,
				81F514E81E88F1C30031EF16 /* Release */,
			);
			defaultConfigurationIsVisible = 0;
			defaultConfigurationName = Release;
		};
		81F514E91E88F1C30031EF16 /* Build configuration list for PBXNativeTarget "SHCodeTests" */ = {
			isa = XCConfigurationList;
			buildConfigurations = (
				81F514EA1E88F1C30031EF16 /* Debug */,
				81F514EB1E88F1C30031EF16 /* Release */,
			);
			defaultConfigurationIsVisible = 0;
			defaultConfigurationName = Release;
		};
		81F514EC1E88F1C30031EF16 /* Build configuration list for PBXNativeTarget "SHCodeUITests" */ = {
			isa = XCConfigurationList;
			buildConfigurations = (
				81F514ED1E88F1C30031EF16 /* Debug */,
				81F514EE1E88F1C30031EF16 /* Release */,
			);
			defaultConfigurationIsVisible = 0;
			defaultConfigurationName = Release;
		};
/* End XCConfigurationList section */
	};
	rootObject = 81F514B11E88F1C20031EF16 /* Project object */;
}
