// !$*UTF8*$!
{
	archiveVersion = 1;
	classes = {
	};
	objectVersion = 46;
	objects = {

/* Begin PBXBuildFile section */
		81460F111E8B5AAE00897B16 /* SHTabBar.m in Sources */ = {isa = PBXBuildFile; fileRef = 81460F101E8B5AAE00897B16 /* SHTabBar.m */; };
		81460F1F1E8BB81900897B16 /* SHOneRightItemViewController.m in Sources */ = {isa = PBXBuildFile; fileRef = 81460F1E1E8BB81900897B16 /* SHOneRightItemViewController.m */; };
		81460F2A1E8BBF3C00897B16 /* UIBarButtonItem+SHBarItem.m in Sources */ = {isa = PBXBuildFile; fileRef = 81460F221E8BBF3C00897B16 /* UIBarButtonItem+SHBarItem.m */; };
		81460F2B1E8BBF3C00897B16 /* UIImage+SHImage.m in Sources */ = {isa = PBXBuildFile; fileRef = 81460F241E8BBF3C00897B16 /* UIImage+SHImage.m */; };
		81460F2C1E8BBF3C00897B16 /* UIImageView+SHImageView.m in Sources */ = {isa = PBXBuildFile; fileRef = 81460F261E8BBF3C00897B16 /* UIImageView+SHImageView.m */; };
		81460F2D1E8BBF3C00897B16 /* UIView+SHFrame.m in Sources */ = {isa = PBXBuildFile; fileRef = 81460F281E8BBF3C00897B16 /* UIView+SHFrame.m */; };
		81BA2EA51E8E0AC5006ABCEF /* SHFiveCollectionViewCell.m in Sources */ = {isa = PBXBuildFile; fileRef = 81BA2EA31E8E0AC5006ABCEF /* SHFiveCollectionViewCell.m */; };
		81BA2EA61E8E0AC5006ABCEF /* SHFiveCollectionViewCell.xib in Resources */ = {isa = PBXBuildFile; fileRef = 81BA2EA41E8E0AC5006ABCEF /* SHFiveCollectionViewCell.xib */; };
		81BA2EA91E8E3C82006ABCEF /* SHFiveModel.m in Sources */ = {isa = PBXBuildFile; fileRef = 81BA2EA81E8E3C82006ABCEF /* SHFiveModel.m */; };
		81F514BE1E88F1C20031EF16 /* main.m in Sources */ = {isa = PBXBuildFile; fileRef = 81F514BD1E88F1C20031EF16 /* main.m */; };
		81F514C71E88F1C20031EF16 /* Main.storyboard in Resources */ = {isa = PBXBuildFile; fileRef = 81F514C51E88F1C20031EF16 /* Main.storyboard */; };
		81F514C91E88F1C20031EF16 /* Assets.xcassets in Resources */ = {isa = PBXBuildFile; fileRef = 81F514C81E88F1C20031EF16 /* Assets.xcassets */; };
		81F514CC1E88F1C20031EF16 /* LaunchScreen.storyboard in Resources */ = {isa = PBXBuildFile; fileRef = 81F514CA1E88F1C20031EF16 /* LaunchScreen.storyboard */; };
		81F514D71E88F1C20031EF16 /* SHCodeTests.m in Sources */ = {isa = PBXBuildFile; fileRef = 81F514D61E88F1C20031EF16 /* SHCodeTests.m */; };
		81F514E21E88F1C30031EF16 /* SHCodeUITests.m in Sources */ = {isa = PBXBuildFile; fileRef = 81F514E11E88F1C30031EF16 /* SHCodeUITests.m */; };
		81F515061E88F2940031EF16 /* AppDelegate.m in Sources */ = {isa = PBXBuildFile; fileRef = 81F514F11E88F2940031EF16 /* AppDelegate.m */; };
		81F5150D1E88FA3A0031EF16 /* SHCustomTBarController.m in Sources */ = {isa = PBXBuildFile; fileRef = 81F5150C1E88FA3A0031EF16 /* SHCustomTBarController.m */; };
		81F515141E88FC330031EF16 /* SHBaseViewController.m in Sources */ = {isa = PBXBuildFile; fileRef = 81F515131E88FC330031EF16 /* SHBaseViewController.m */; };
		81F515171E88FC4D0031EF16 /* SHFiveViewController.m in Sources */ = {isa = PBXBuildFile; fileRef = 81F515161E88FC4D0031EF16 /* SHFiveViewController.m */; };
		81F5151A1E88FC5F0031EF16 /* SHFourViewController.m in Sources */ = {isa = PBXBuildFile; fileRef = 81F515191E88FC5F0031EF16 /* SHFourViewController.m */; };
		81F5151D1E88FC6D0031EF16 /* SHThreeViewController.m in Sources */ = {isa = PBXBuildFile; fileRef = 81F5151C1E88FC6D0031EF16 /* SHThreeViewController.m */; };
		81F515201E88FC7C0031EF16 /* SHTwoViewController.m in Sources */ = {isa = PBXBuildFile; fileRef = 81F5151F1E88FC7C0031EF16 /* SHTwoViewController.m */; };
		81F515231E88FC8D0031EF16 /* SHOneViewController.m in Sources */ = {isa = PBXBuildFile; fileRef = 81F515221E88FC8D0031EF16 /* SHOneViewController.m */; };
		81FD44CA1E8A3CBD00783B94 /* SHBaseNavViewController.m in Sources */ = {isa = PBXBuildFile; fileRef = 81FD44C91E8A3CBD00783B94 /* SHBaseNavViewController.m */; };
		81FF0DF91E8CB8EE0014DA88 /* SHFiveViewController.storyboard in Resources */ = {isa = PBXBuildFile; fileRef = 81FF0DF81E8CB8EE0014DA88 /* SHFiveViewController.storyboard */; };
		81FF0DFC1E8CD9270014DA88 /* SHConstStr.m in Sources */ = {isa = PBXBuildFile; fileRef = 81FF0DFB1E8CD9270014DA88 /* SHConstStr.m */; };
/* End PBXBuildFile section */

/* Begin PBXContainerItemProxy section */
		81F514D31E88F1C20031EF16 /* PBXContainerItemProxy */ = {
			isa = PBXContainerItemProxy;
			containerPortal = 81F514B11E88F1C20031EF16 /* Project object */;
			proxyType = 1;
			remoteGlobalIDString = 81F514B81E88F1C20031EF16;
			remoteInfo = SHCode;
		};
		81F514DE1E88F1C30031EF16 /* PBXContainerItemProxy */ = {
			isa = PBXContainerItemProxy;
			containerPortal = 81F514B11E88F1C20031EF16 /* Project object */;
			proxyType = 1;
			remoteGlobalIDString = 81F514B81E88F1C20031EF16;
			remoteInfo = SHCode;
		};
/* End PBXContainerItemProxy section */

/* Begin PBXFileReference section */
		81460F0F1E8B5AAE00897B16 /* SHTabBar.h */ = {isa = PBXFileReference; fileEncoding = 4; lastKnownFileType = sourcecode.c.h; path = SHTabBar.h; sourceTree = "<group>"; };
		81460F101E8B5AAE00897B16 /* SHTabBar.m */ = {isa = PBXFileReference; fileEncoding = 4; lastKnownFileType = sourcecode.c.objc; path = SHTabBar.m; sourceTree = "<group>"; };
		81460F191E8BAC7D00897B16 /* CommonDefine.h */ = {isa = PBXFileReference; fileEncoding = 4; lastKnownFileType = sourcecode.c.h; path = CommonDefine.h; sourceTree = "<group>"; };
		81460F1D1E8BB81900897B16 /* SHOneRightItemViewController.h */ = {isa = PBXFileReference; fileEncoding = 4; lastKnownFileType = sourcecode.c.h; path = SHOneRightItemViewController.h; sourceTree = "<group>"; };
		81460F1E1E8BB81900897B16 /* SHOneRightItemViewController.m */ = {isa = PBXFileReference; fileEncoding = 4; lastKnownFileType = sourcecode.c.objc; path = SHOneRightItemViewController.m; sourceTree = "<group>"; };
		81460F211E8BBF3C00897B16 /* UIBarButtonItem+SHBarItem.h */ = {isa = PBXFileReference; fileEncoding = 4; lastKnownFileType = sourcecode.c.h; path = "UIBarButtonItem+SHBarItem.h"; sourceTree = "<group>"; };
		81460F221E8BBF3C00897B16 /* UIBarButtonItem+SHBarItem.m */ = {isa = PBXFileReference; fileEncoding = 4; lastKnownFileType = sourcecode.c.objc; path = "UIBarButtonItem+SHBarItem.m"; sourceTree = "<group>"; };
		81460F231E8BBF3C00897B16 /* UIImage+SHImage.h */ = {isa = PBXFileReference; fileEncoding = 4; lastKnownFileType = sourcecode.c.h; path = "UIImage+SHImage.h"; sourceTree = "<group>"; };
		81460F241E8BBF3C00897B16 /* UIImage+SHImage.m */ = {isa = PBXFileReference; fileEncoding = 4; lastKnownFileType = sourcecode.c.objc; path = "UIImage+SHImage.m"; sourceTree = "<group>"; };
		81460F251E8BBF3C00897B16 /* UIImageView+SHImageView.h */ = {isa = PBXFileReference; fileEncoding = 4; lastKnownFileType = sourcecode.c.h; path = "UIImageView+SHImageView.h"; sourceTree = "<group>"; };
		81460F261E8BBF3C00897B16 /* UIImageView+SHImageView.m */ = {isa = PBXFileReference; fileEncoding = 4; lastKnownFileType = sourcecode.c.objc; path = "UIImageView+SHImageView.m"; sourceTree = "<group>"; };
		81460F271E8BBF3C00897B16 /* UIView+SHFrame.h */ = {isa = PBXFileReference; fileEncoding = 4; lastKnownFileType = sourcecode.c.h; path = "UIView+SHFrame.h"; sourceTree = "<group>"; };
		81460F281E8BBF3C00897B16 /* UIView+SHFrame.m */ = {isa = PBXFileReference; fileEncoding = 4; lastKnownFileType = sourcecode.c.objc; path = "UIView+SHFrame.m"; sourceTree = "<group>"; };
		81BA2EA21E8E0AC4006ABCEF /* SHFiveCollectionViewCell.h */ = {isa = PBXFileReference; fileEncoding = 4; lastKnownFileType = sourcecode.c.h; path = SHFiveCollectionViewCell.h; sourceTree = "<group>"; };
		81BA2EA31E8E0AC5006ABCEF /* SHFiveCollectionViewCell.m */ = {isa = PBXFileReference; fileEncoding = 4; lastKnownFileType = sourcecode.c.objc; path = SHFiveCollectionViewCell.m; sourceTree = "<group>"; };
		81BA2EA41E8E0AC5006ABCEF /* SHFiveCollectionViewCell.xib */ = {isa = PBXFileReference; fileEncoding = 4; lastKnownFileType = file.xib; path = SHFiveCollectionViewCell.xib; sourceTree = "<group>"; };
		81BA2EA71E8E3C82006ABCEF /* SHFiveModel.h */ = {isa = PBXFileReference; fileEncoding = 4; lastKnownFileType = sourcecode.c.h; path = SHFiveModel.h; sourceTree = "<group>"; };
		81BA2EA81E8E3C82006ABCEF /* SHFiveModel.m */ = {isa = PBXFileReference; fileEncoding = 4; lastKnownFileType = sourcecode.c.objc; path = SHFiveModel.m; sourceTree = "<group>"; };
		81F514B91E88F1C20031EF16 /* SHCode.app */ = {isa = PBXFileReference; explicitFileType = wrapper.application; includeInIndex = 0; path = SHCode.app; sourceTree = BUILT_PRODUCTS_DIR; };
		81F514BD1E88F1C20031EF16 /* main.m */ = {isa = PBXFileReference; lastKnownFileType = sourcecode.c.objc; path = main.m; sourceTree = "<group>"; };
		81F514C61E88F1C20031EF16 /* Base */ = {isa = PBXFileReference; lastKnownFileType = file.storyboard; name = Base; path = Base.lproj/Main.storyboard; sourceTree = "<group>"; };
		81F514C81E88F1C20031EF16 /* Assets.xcassets */ = {isa = PBXFileReference; lastKnownFileType = folder.assetcatalog; path = Assets.xcassets; sourceTree = "<group>"; };
		81F514CB1E88F1C20031EF16 /* Base */ = {isa = PBXFileReference; lastKnownFileType = file.storyboard; name = Base; path = Base.lproj/LaunchScreen.storyboard; sourceTree = "<group>"; };
		81F514CD1E88F1C20031EF16 /* Info.plist */ = {isa = PBXFileReference; lastKnownFileType = text.plist.xml; path = Info.plist; sourceTree = "<group>"; };
		81F514D21E88F1C20031EF16 /* SHCodeTests.xctest */ = {isa = PBXFileReference; explicitFileType = wrapper.cfbundle; includeInIndex = 0; path = SHCodeTests.xctest; sourceTree = BUILT_PRODUCTS_DIR; };
		81F514D61E88F1C20031EF16 /* SHCodeTests.m */ = {isa = PBXFileReference; lastKnownFileType = sourcecode.c.objc; path = SHCodeTests.m; sourceTree = "<group>"; };
		81F514D81E88F1C20031EF16 /* Info.plist */ = {isa = PBXFileReference; lastKnownFileType = text.plist.xml; path = Info.plist; sourceTree = "<group>"; };
		81F514DD1E88F1C30031EF16 /* SHCodeUITests.xctest */ = {isa = PBXFileReference; explicitFileType = wrapper.cfbundle; includeInIndex = 0; path = SHCodeUITests.xctest; sourceTree = BUILT_PRODUCTS_DIR; };
		81F514E11E88F1C30031EF16 /* SHCodeUITests.m */ = {isa = PBXFileReference; lastKnownFileType = sourcecode.c.objc; path = SHCodeUITests.m; sourceTree = "<group>"; };
		81F514E31E88F1C30031EF16 /* Info.plist */ = {isa = PBXFileReference; lastKnownFileType = text.plist.xml; path = Info.plist; sourceTree = "<group>"; };
		81F514F01E88F2940031EF16 /* AppDelegate.h */ = {isa = PBXFileReference; fileEncoding = 4; lastKnownFileType = sourcecode.c.h; path = AppDelegate.h; sourceTree = "<group>"; };
		81F514F11E88F2940031EF16 /* AppDelegate.m */ = {isa = PBXFileReference; fileEncoding = 4; lastKnownFileType = sourcecode.c.objc; path = AppDelegate.m; sourceTree = "<group>"; };
		81F5150B1E88FA3A0031EF16 /* SHCustomTBarController.h */ = {isa = PBXFileReference; fileEncoding = 4; lastKnownFileType = sourcecode.c.h; path = SHCustomTBarController.h; sourceTree = "<group>"; };
		81F5150C1E88FA3A0031EF16 /* SHCustomTBarController.m */ = {isa = PBXFileReference; fileEncoding = 4; lastKnownFileType = sourcecode.c.objc; path = SHCustomTBarController.m; sourceTree = "<group>"; };
		81F515121E88FC330031EF16 /* SHBaseViewController.h */ = {isa = PBXFileReference; fileEncoding = 4; lastKnownFileType = sourcecode.c.h; path = SHBaseViewController.h; sourceTree = "<group>"; };
		81F515131E88FC330031EF16 /* SHBaseViewController.m */ = {isa = PBXFileReference; fileEncoding = 4; lastKnownFileType = sourcecode.c.objc; path = SHBaseViewController.m; sourceTree = "<group>"; };
		81F515151E88FC4D0031EF16 /* SHFiveViewController.h */ = {isa = PBXFileReference; fileEncoding = 4; lastKnownFileType = sourcecode.c.h; path = SHFiveViewController.h; sourceTree = "<group>"; };
		81F515161E88FC4D0031EF16 /* SHFiveViewController.m */ = {isa = PBXFileReference; fileEncoding = 4; lastKnownFileType = sourcecode.c.objc; path = SHFiveViewController.m; sourceTree = "<group>"; };
		81F515181E88FC5F0031EF16 /* SHFourViewController.h */ = {isa = PBXFileReference; fileEncoding = 4; lastKnownFileType = sourcecode.c.h; path = SHFourViewController.h; sourceTree = "<group>"; };
		81F515191E88FC5F0031EF16 /* SHFourViewController.m */ = {isa = PBXFileReference; fileEncoding = 4; lastKnownFileType = sourcecode.c.objc; path = SHFourViewController.m; sourceTree = "<group>"; };
		81F5151B1E88FC6D0031EF16 /* SHThreeViewController.h */ = {isa = PBXFileReference; fileEncoding = 4; lastKnownFileType = sourcecode.c.h; path = SHThreeViewController.h; sourceTree = "<group>"; };
		81F5151C1E88FC6D0031EF16 /* SHThreeViewController.m */ = {isa = PBXFileReference; fileEncoding = 4; lastKnownFileType = sourcecode.c.objc; path = SHThreeViewController.m; sourceTree = "<group>"; };
		81F5151E1E88FC7C0031EF16 /* SHTwoViewController.h */ = {isa = PBXFileReference; fileEncoding = 4; lastKnownFileType = sourcecode.c.h; path = SHTwoViewController.h; sourceTree = "<group>"; };
		81F5151F1E88FC7C0031EF16 /* SHTwoViewController.m */ = {isa = PBXFileReference; fileEncoding = 4; lastKnownFileType = sourcecode.c.objc; path = SHTwoViewController.m; sourceTree = "<group>"; };
		81F515211E88FC8D0031EF16 /* SHOneViewController.h */ = {isa = PBXFileReference; fileEncoding = 4; lastKnownFileType = sourcecode.c.h; path = SHOneViewController.h; sourceTree = "<group>"; };
		81F515221E88FC8D0031EF16 /* SHOneViewController.m */ = {isa = PBXFileReference; fileEncoding = 4; lastKnownFileType = sourcecode.c.objc; path = SHOneViewController.m; sourceTree = "<group>"; };
		81F515241E88FD730031EF16 /* SHCode.pch */ = {isa = PBXFileReference; fileEncoding = 4; lastKnownFileType = sourcecode.c.h; path = SHCode.pch; sourceTree = "<group>"; };
		81FD44C81E8A3CBD00783B94 /* SHBaseNavViewController.h */ = {isa = PBXFileReference; fileEncoding = 4; lastKnownFileType = sourcecode.c.h; path = SHBaseNavViewController.h; sourceTree = "<group>"; };
		81FD44C91E8A3CBD00783B94 /* SHBaseNavViewController.m */ = {isa = PBXFileReference; fileEncoding = 4; lastKnownFileType = sourcecode.c.objc; path = SHBaseNavViewController.m; sourceTree = "<group>"; };
		81FF0DF81E8CB8EE0014DA88 /* SHFiveViewController.storyboard */ = {isa = PBXFileReference; fileEncoding = 4; lastKnownFileType = file.storyboard; path = SHFiveViewController.storyboard; sourceTree = "<group>"; };
		81FF0DFA1E8CD9270014DA88 /* SHConstStr.h */ = {isa = PBXFileReference; fileEncoding = 4; lastKnownFileType = sourcecode.c.h; path = SHConstStr.h; sourceTree = "<group>"; };
		81FF0DFB1E8CD9270014DA88 /* SHConstStr.m */ = {isa = PBXFileReference; fileEncoding = 4; lastKnownFileType = sourcecode.c.objc; path = SHConstStr.m; sourceTree = "<group>"; };
/* End PBXFileReference section */

/* Begin PBXFrameworksBuildPhase section */
		81F514B61E88F1C20031EF16 /* Frameworks */ = {
			isa = PBXFrameworksBuildPhase;
			buildActionMask = 2147483647;
			files = (
			);
			runOnlyForDeploymentPostprocessing = 0;
		};
		81F514CF1E88F1C20031EF16 /* Frameworks */ = {
			isa = PBXFrameworksBuildPhase;
			buildActionMask = 2147483647;
			files = (
			);
			runOnlyForDeploymentPostprocessing = 0;
		};
		81F514DA1E88F1C30031EF16 /* Frameworks */ = {
			isa = PBXFrameworksBuildPhase;
			buildActionMask = 2147483647;
			files = (
			);
			runOnlyForDeploymentPostprocessing = 0;
		};
/* End PBXFrameworksBuildPhase section */

/* Begin PBXGroup section */
		81460F201E8BBF3C00897B16 /* Catgray */ = {
			isa = PBXGroup;
			children = (
				81460F211E8BBF3C00897B16 /* UIBarButtonItem+SHBarItem.h */,
				81460F221E8BBF3C00897B16 /* UIBarButtonItem+SHBarItem.m */,
				81460F231E8BBF3C00897B16 /* UIImage+SHImage.h */,
				81460F241E8BBF3C00897B16 /* UIImage+SHImage.m */,
				81460F251E8BBF3C00897B16 /* UIImageView+SHImageView.h */,
				81460F261E8BBF3C00897B16 /* UIImageView+SHImageView.m */,
				81460F271E8BBF3C00897B16 /* UIView+SHFrame.h */,
				81460F281E8BBF3C00897B16 /* UIView+SHFrame.m */,
			);
			path = Catgray;
			sourceTree = "<group>";
		};
		81460F291E8BBF3C00897B16 /* Tools */ = {
			isa = PBXGroup;
			children = (
				81FF0DFA1E8CD9270014DA88 /* SHConstStr.h */,
				81FF0DFB1E8CD9270014DA88 /* SHConstStr.m */,
			);
			path = Tools;
			sourceTree = "<group>";
		};
		81F514B01E88F1C20031EF16 = {
			isa = PBXGroup;
			children = (
				81F514BB1E88F1C20031EF16 /* SHCode */,
				81F514D51E88F1C20031EF16 /* SHCodeTests */,
				81F514E01E88F1C30031EF16 /* SHCodeUITests */,
				81F514BA1E88F1C20031EF16 /* Products */,
			);
			sourceTree = "<group>";
		};
		81F514BA1E88F1C20031EF16 /* Products */ = {
			isa = PBXGroup;
			children = (
				81F514B91E88F1C20031EF16 /* SHCode.app */,
				81F514D21E88F1C20031EF16 /* SHCodeTests.xctest */,
				81F514DD1E88F1C30031EF16 /* SHCodeUITests.xctest */,
			);
			name = Products;
			sourceTree = "<group>";
		};
		81F514BB1E88F1C20031EF16 /* SHCode */ = {
			isa = PBXGroup;
			children = (
				81F515071E88F2AE0031EF16 /* Main */,
				81F514FA1E88F2940031EF16 /* PathOne */,
				81F514F21E88F2940031EF16 /* PathFive */,
				81F514F61E88F2940031EF16 /* PathFour */,
				81F514FE1E88F2940031EF16 /* PathThree */,
				81F515021E88F2940031EF16 /* PathTwo */,
				81F5150E1E88FC180031EF16 /* Base */,
				81F514EF1E88F2940031EF16 /* Other */,
				81F514C51E88F1C20031EF16 /* Main.storyboard */,
				81F514C81E88F1C20031EF16 /* Assets.xcassets */,
				81F514CA1E88F1C20031EF16 /* LaunchScreen.storyboard */,
				81F514CD1E88F1C20031EF16 /* Info.plist */,
				81F514BC1E88F1C20031EF16 /* Supporting Files */,
			);
			path = SHCode;
			sourceTree = "<group>";
		};
		81F514BC1E88F1C20031EF16 /* Supporting Files */ = {
			isa = PBXGroup;
			children = (
				81F514BD1E88F1C20031EF16 /* main.m */,
			);
			name = "Supporting Files";
			sourceTree = "<group>";
		};
		81F514D51E88F1C20031EF16 /* SHCodeTests */ = {
			isa = PBXGroup;
			children = (
				81F514D61E88F1C20031EF16 /* SHCodeTests.m */,
				81F514D81E88F1C20031EF16 /* Info.plist */,
			);
			path = SHCodeTests;
			sourceTree = "<group>";
		};
		81F514E01E88F1C30031EF16 /* SHCodeUITests */ = {
			isa = PBXGroup;
			children = (
				81F514E11E88F1C30031EF16 /* SHCodeUITests.m */,
				81F514E31E88F1C30031EF16 /* Info.plist */,
			);
			path = SHCodeUITests;
			sourceTree = "<group>";
		};
		81F514EF1E88F2940031EF16 /* Other */ = {
			isa = PBXGroup;
			children = (
				81460F201E8BBF3C00897B16 /* Catgray */,
				81460F291E8BBF3C00897B16 /* Tools */,
				81F514F01E88F2940031EF16 /* AppDelegate.h */,
				81F514F11E88F2940031EF16 /* AppDelegate.m */,
				81F515241E88FD730031EF16 /* SHCode.pch */,
				81460F191E8BAC7D00897B16 /* CommonDefine.h */,
			);
			path = Other;
			sourceTree = "<group>";
		};
		81F514F21E88F2940031EF16 /* PathFive */ = {
			isa = PBXGroup;
			children = (
				81F514F31E88F2940031EF16 /* Controllers */,
				81F514F41E88F2940031EF16 /* Models */,
				81F514F51E88F2940031EF16 /* Views */,
			);
			path = PathFive;
			sourceTree = "<group>";
		};
		81F514F31E88F2940031EF16 /* Controllers */ = {
			isa = PBXGroup;
			children = (
				81F515151E88FC4D0031EF16 /* SHFiveViewController.h */,
				81F515161E88FC4D0031EF16 /* SHFiveViewController.m */,
				81FF0DF81E8CB8EE0014DA88 /* SHFiveViewController.storyboard */,
			);
			path = Controllers;
			sourceTree = "<group>";
		};
		81F514F41E88F2940031EF16 /* Models */ = {
			isa = PBXGroup;
			children = (
				81BA2EA71E8E3C82006ABCEF /* SHFiveModel.h */,
				81BA2EA81E8E3C82006ABCEF /* SHFiveModel.m */,
			);
			path = Models;
			sourceTree = "<group>";
		};
		81F514F51E88F2940031EF16 /* Views */ = {
			isa = PBXGroup;
			children = (
				81BA2EA21E8E0AC4006ABCEF /* SHFiveCollectionViewCell.h */,
				81BA2EA31E8E0AC5006ABCEF /* SHFiveCollectionViewCell.m */,
				81BA2EA41E8E0AC5006ABCEF /* SHFiveCollectionViewCell.xib */,
			);
			path = Views;
			sourceTree = "<group>";
		};
		81F514F61E88F2940031EF16 /* PathFour */ = {
			isa = PBXGroup;
			children = (
				81F514F71E88F2940031EF16 /* Controllers */,
				81F514F81E88F2940031EF16 /* Models */,
				81F514F91E88F2940031EF16 /* Views */,
			);
			path = PathFour;
			sourceTree = "<group>";
		};
		81F514F71E88F2940031EF16 /* Controllers */ = {
			isa = PBXGroup;
			children = (
				81F515181E88FC5F0031EF16 /* SHFourViewController.h */,
				81F515191E88FC5F0031EF16 /* SHFourViewController.m */,
			);
			path = Controllers;
			sourceTree = "<group>";
		};
		81F514F81E88F2940031EF16 /* Models */ = {
			isa = PBXGroup;
			children = (
			);
			path = Models;
			sourceTree = "<group>";
		};
		81F514F91E88F2940031EF16 /* Views */ = {
			isa = PBXGroup;
			children = (
			);
			path = Views;
			sourceTree = "<group>";
		};
		81F514FA1E88F2940031EF16 /* PathOne */ = {
			isa = PBXGroup;
			children = (
				81F514FB1E88F2940031EF16 /* Controllers */,
				81F514FC1E88F2940031EF16 /* Models */,
				81F514FD1E88F2940031EF16 /* Views */,
			);
			path = PathOne;
			sourceTree = "<group>";
		};
		81F514FB1E88F2940031EF16 /* Controllers */ = {
			isa = PBXGroup;
			children = (
				81F515211E88FC8D0031EF16 /* SHOneViewController.h */,
				81F515221E88FC8D0031EF16 /* SHOneViewController.m */,
				81460F1D1E8BB81900897B16 /* SHOneRightItemViewController.h */,
				81460F1E1E8BB81900897B16 /* SHOneRightItemViewController.m */,
			);
			path = Controllers;
			sourceTree = "<group>";
		};
		81F514FC1E88F2940031EF16 /* Models */ = {
			isa = PBXGroup;
			children = (
			);
			path = Models;
			sourceTree = "<group>";
		};
		81F514FD1E88F2940031EF16 /* Views */ = {
			isa = PBXGroup;
			children = (
			);
			path = Views;
			sourceTree = "<group>";
		};
		81F514FE1E88F2940031EF16 /* PathThree */ = {
			isa = PBXGroup;
			children = (
				81F514FF1E88F2940031EF16 /* Controllers */,
				81F515001E88F2940031EF16 /* Models */,
				81F515011E88F2940031EF16 /* Views */,
			);
			path = PathThree;
			sourceTree = "<group>";
		};
		81F514FF1E88F2940031EF16 /* Controllers */ = {
			isa = PBXGroup;
			children = (
				81F5151B1E88FC6D0031EF16 /* SHThreeViewController.h */,
				81F5151C1E88FC6D0031EF16 /* SHThreeViewController.m */,
			);
			path = Controllers;
			sourceTree = "<group>";
		};
		81F515001E88F2940031EF16 /* Models */ = {
			isa = PBXGroup;
			children = (
			);
			path = Models;
			sourceTree = "<group>";
		};
		81F515011E88F2940031EF16 /* Views */ = {
			isa = PBXGroup;
			children = (
			);
			path = Views;
			sourceTree = "<group>";
		};
		81F515021E88F2940031EF16 /* PathTwo */ = {
			isa = PBXGroup;
			children = (
				81F515031E88F2940031EF16 /* Controllers */,
				81F515041E88F2940031EF16 /* Models */,
				81F515051E88F2940031EF16 /* Views */,
			);
			path = PathTwo;
			sourceTree = "<group>";
		};
		81F515031E88F2940031EF16 /* Controllers */ = {
			isa = PBXGroup;
			children = (
				81F5151E1E88FC7C0031EF16 /* SHTwoViewController.h */,
				81F5151F1E88FC7C0031EF16 /* SHTwoViewController.m */,
			);
			path = Controllers;
			sourceTree = "<group>";
		};
		81F515041E88F2940031EF16 /* Models */ = {
			isa = PBXGroup;
			children = (
			);
			path = Models;
			sourceTree = "<group>";
		};
		81F515051E88F2940031EF16 /* Views */ = {
			isa = PBXGroup;
			children = (
			);
			path = Views;
			sourceTree = "<group>";
		};
		81F515071E88F2AE0031EF16 /* Main */ = {
			isa = PBXGroup;
			children = (
				81F515081E88F2AE0031EF16 /* Controllers */,
				81F515091E88F2AE0031EF16 /* Models */,
				81F5150A1E88F2AE0031EF16 /* Views */,
			);
			path = Main;
			sourceTree = "<group>";
		};
		81F515081E88F2AE0031EF16 /* Controllers */ = {
			isa = PBXGroup;
			children = (
				81F5150B1E88FA3A0031EF16 /* SHCustomTBarController.h */,
				81F5150C1E88FA3A0031EF16 /* SHCustomTBarController.m */,
				81FD44C81E8A3CBD00783B94 /* SHBaseNavViewController.h */,
				81FD44C91E8A3CBD00783B94 /* SHBaseNavViewController.m */,
			);
			path = Controllers;
			sourceTree = "<group>";
		};
		81F515091E88F2AE0031EF16 /* Models */ = {
			isa = PBXGroup;
			children = (
			);
			path = Models;
			sourceTree = "<group>";
		};
		81F5150A1E88F2AE0031EF16 /* Views */ = {
			isa = PBXGroup;
			children = (
				81460F0F1E8B5AAE00897B16 /* SHTabBar.h */,
				81460F101E8B5AAE00897B16 /* SHTabBar.m */,
			);
			path = Views;
			sourceTree = "<group>";
		};
		81F5150E1E88FC180031EF16 /* Base */ = {
			isa = PBXGroup;
			children = (
				81F5150F1E88FC180031EF16 /* Controllers */,
				81F515101E88FC180031EF16 /* Models */,
				81F515111E88FC180031EF16 /* Views */,
			);
			path = Base;
			sourceTree = "<group>";
		};
		81F5150F1E88FC180031EF16 /* Controllers */ = {
			isa = PBXGroup;
			children = (
				81F515121E88FC330031EF16 /* SHBaseViewController.h */,
				81F515131E88FC330031EF16 /* SHBaseViewController.m */,
			);
			path = Controllers;
			sourceTree = "<group>";
		};
		81F515101E88FC180031EF16 /* Models */ = {
			isa = PBXGroup;
			children = (
			);
			path = Models;
			sourceTree = "<group>";
		};
		81F515111E88FC180031EF16 /* Views */ = {
			isa = PBXGroup;
			children = (
			);
			path = Views;
			sourceTree = "<group>";
		};
/* End PBXGroup section */

/* Begin PBXNativeTarget section */
		81F514B81E88F1C20031EF16 /* SHCode */ = {
			isa = PBXNativeTarget;
			buildConfigurationList = 81F514E61E88F1C30031EF16 /* Build configuration list for PBXNativeTarget "SHCode" */;
			buildPhases = (
				81F514B51E88F1C20031EF16 /* Sources */,
				81F514B61E88F1C20031EF16 /* Frameworks */,
				81F514B71E88F1C20031EF16 /* Resources */,
			);
			buildRules = (
			);
			dependencies = (
			);
			name = SHCode;
			productName = SHCode;
			productReference = 81F514B91E88F1C20031EF16 /* SHCode.app */;
			productType = "com.apple.product-type.application";
		};
		81F514D11E88F1C20031EF16 /* SHCodeTests */ = {
			isa = PBXNativeTarget;
			buildConfigurationList = 81F514E91E88F1C30031EF16 /* Build configuration list for PBXNativeTarget "SHCodeTests" */;
			buildPhases = (
				81F514CE1E88F1C20031EF16 /* Sources */,
				81F514CF1E88F1C20031EF16 /* Frameworks */,
				81F514D01E88F1C20031EF16 /* Resources */,
			);
			buildRules = (
			);
			dependencies = (
				81F514D41E88F1C20031EF16 /* PBXTargetDependency */,
			);
			name = SHCodeTests;
			productName = SHCodeTests;
			productReference = 81F514D21E88F1C20031EF16 /* SHCodeTests.xctest */;
			productType = "com.apple.product-type.bundle.unit-test";
		};
		81F514DC1E88F1C30031EF16 /* SHCodeUITests */ = {
			isa = PBXNativeTarget;
			buildConfigurationList = 81F514EC1E88F1C30031EF16 /* Build configuration list for PBXNativeTarget "SHCodeUITests" */;
			buildPhases = (
				81F514D91E88F1C30031EF16 /* Sources */,
				81F514DA1E88F1C30031EF16 /* Frameworks */,
				81F514DB1E88F1C30031EF16 /* Resources */,
			);
			buildRules = (
			);
			dependencies = (
				81F514DF1E88F1C30031EF16 /* PBXTargetDependency */,
			);
			name = SHCodeUITests;
			productName = SHCodeUITests;
			productReference = 81F514DD1E88F1C30031EF16 /* SHCodeUITests.xctest */;
			productType = "com.apple.product-type.bundle.ui-testing";
		};
/* End PBXNativeTarget section */

/* Begin PBXProject section */
		81F514B11E88F1C20031EF16 /* Project object */ = {
			isa = PBXProject;
			attributes = {
				LastUpgradeCheck = 0820;
				ORGANIZATIONNAME = ios;
				TargetAttributes = {
					81F514B81E88F1C20031EF16 = {
						CreatedOnToolsVersion = 8.2.1;
						DevelopmentTeam = V2HDPP64PV;
						ProvisioningStyle = Automatic;
					};
					81F514D11E88F1C20031EF16 = {
						CreatedOnToolsVersion = 8.2.1;
						ProvisioningStyle = Automatic;
						TestTargetID = 81F514B81E88F1C20031EF16;
					};
					81F514DC1E88F1C30031EF16 = {
						CreatedOnToolsVersion = 8.2.1;
						ProvisioningStyle = Automatic;
						TestTargetID = 81F514B81E88F1C20031EF16;
					};
				};
			};
			buildConfigurationList = 81F514B41E88F1C20031EF16 /* Build configuration list for PBXProject "SHCode" */;
			compatibilityVersion = "Xcode 3.2";
			developmentRegion = English;
			hasScannedForEncodings = 0;
			knownRegions = (
				en,
				Base,
			);
			mainGroup = 81F514B01E88F1C20031EF16;
			productRefGroup = 81F514BA1E88F1C20031EF16 /* Products */;
			projectDirPath = "";
			projectRoot = "";
			targets = (
				81F514B81E88F1C20031EF16 /* SHCode */,
				81F514D11E88F1C20031EF16 /* SHCodeTests */,
				81F514DC1E88F1C30031EF16 /* SHCodeUITests */,
			);
		};
/* End PBXProject section */

/* Begin PBXResourcesBuildPhase section */
		81F514B71E88F1C20031EF16 /* Resources */ = {
			isa = PBXResourcesBuildPhase;
			buildActionMask = 2147483647;
			files = (
				81F514CC1E88F1C20031EF16 /* LaunchScreen.storyboard in Resources */,
				81BA2EA61E8E0AC5006ABCEF /* SHFiveCollectionViewCell.xib in Resources */,
				81F514C91E88F1C20031EF16 /* Assets.xcassets in Resources */,
				81FF0DF91E8CB8EE0014DA88 /* SHFiveViewController.storyboard in Resources */,
				81F514C71E88F1C20031EF16 /* Main.storyboard in Resources */,
			);
			runOnlyForDeploymentPostprocessing = 0;
		};
		81F514D01E88F1C20031EF16 /* Resources */ = {
			isa = PBXResourcesBuildPhase;
			buildActionMask = 2147483647;
			files = (
			);
			runOnlyForDeploymentPostprocessing = 0;
		};
		81F514DB1E88F1C30031EF16 /* Resources */ = {
			isa = PBXResourcesBuildPhase;
			buildActionMask = 2147483647;
			files = (
			);
			runOnlyForDeploymentPostprocessing = 0;
		};
/* End PBXResourcesBuildPhase section */

/* Begin PBXSourcesBuildPhase section */
		81F514B51E88F1C20031EF16 /* Sources */ = {
			isa = PBXSourcesBuildPhase;
			buildActionMask = 2147483647;
			files = (
				81460F2B1E8BBF3C00897B16 /* UIImage+SHImage.m in Sources */,
				81F5151D1E88FC6D0031EF16 /* SHThreeViewController.m in Sources */,
				81460F1F1E8BB81900897B16 /* SHOneRightItemViewController.m in Sources */,
				81460F2A1E8BBF3C00897B16 /* UIBarButtonItem+SHBarItem.m in Sources */,
				81F515171E88FC4D0031EF16 /* SHFiveViewController.m in Sources */,
				81BA2EA91E8E3C82006ABCEF /* SHFiveModel.m in Sources */,
				81460F2D1E8BBF3C00897B16 /* UIView+SHFrame.m in Sources */,
				81F5151A1E88FC5F0031EF16 /* SHFourViewController.m in Sources */,
				81F514BE1E88F1C20031EF16 /* main.m in Sources */,
				81F515231E88FC8D0031EF16 /* SHOneViewController.m in Sources */,
				81460F111E8B5AAE00897B16 /* SHTabBar.m in Sources */,
				81FF0DFC1E8CD9270014DA88 /* SHConstStr.m in Sources */,
				81460F2C1E8BBF3C00897B16 /* UIImageView+SHImageView.m in Sources */,
				81F515201E88FC7C0031EF16 /* SHTwoViewController.m in Sources */,
				81F5150D1E88FA3A0031EF16 /* SHCustomTBarController.m in Sources */,
				81F515141E88FC330031EF16 /* SHBaseViewController.m in Sources */,
				81BA2EA51E8E0AC5006ABCEF /* SHFiveCollectionViewCell.m in Sources */,
				81FD44CA1E8A3CBD00783B94 /* SHBaseNavViewController.m in Sources */,
				81F515061E88F2940031EF16 /* AppDelegate.m in Sources */,
			);
			runOnlyForDeploymentPostprocessing = 0;
		};
		81F514CE1E88F1C20031EF16 /* Sources */ = {
			isa = PBXSourcesBuildPhase;
			buildActionMask = 2147483647;
			files = (
				81F514D71E88F1C20031EF16 /* SHCodeTests.m in Sources */,
			);
			runOnlyForDeploymentPostprocessing = 0;
		};
		81F514D91E88F1C30031EF16 /* Sources */ = {
			isa = PBXSourcesBuildPhase;
			buildActionMask = 2147483647;
			files = (
				81F514E21E88F1C30031EF16 /* SHCodeUITests.m in Sources */,
			);
			runOnlyForDeploymentPostprocessing = 0;
		};
/* End PBXSourcesBuildPhase section */

/* Begin PBXTargetDependency section */
		81F514D41E88F1C20031EF16 /* PBXTargetDependency */ = {
			isa = PBXTargetDependency;
			target = 81F514B81E88F1C20031EF16 /* SHCode */;
			targetProxy = 81F514D31E88F1C20031EF16 /* PBXContainerItemProxy */;
		};
		81F514DF1E88F1C30031EF16 /* PBXTargetDependency */ = {
			isa = PBXTargetDependency;
			target = 81F514B81E88F1C20031EF16 /* SHCode */;
			targetProxy = 81F514DE1E88F1C30031EF16 /* PBXContainerItemProxy */;
		};
/* End PBXTargetDependency section */

/* Begin PBXVariantGroup section */
		81F514C51E88F1C20031EF16 /* Main.storyboard */ = {
			isa = PBXVariantGroup;
			children = (
				81F514C61E88F1C20031EF16 /* Base */,
			);
			name = Main.storyboard;
			sourceTree = "<group>";
		};
		81F514CA1E88F1C20031EF16 /* LaunchScreen.storyboard */ = {
			isa = PBXVariantGroup;
			children = (
				81F514CB1E88F1C20031EF16 /* Base */,
			);
			name = LaunchScreen.storyboard;
			sourceTree = "<group>";
		};
/* End PBXVariantGroup section */

/* Begin XCBuildConfiguration section */
		81F514E41E88F1C30031EF16 /* Debug */ = {
			isa = XCBuildConfiguration;
			buildSettings = {
				ALWAYS_SEARCH_USER_PATHS = NO;
				CLANG_ANALYZER_NONNULL = YES;
				CLANG_CXX_LANGUAGE_STANDARD = "gnu++0x";
				CLANG_CXX_LIBRARY = "libc++";
				CLANG_ENABLE_MODULES = YES;
				CLANG_ENABLE_OBJC_ARC = YES;
				CLANG_WARN_BOOL_CONVERSION = YES;
				CLANG_WARN_CONSTANT_CONVERSION = YES;
				CLANG_WARN_DIRECT_OBJC_ISA_USAGE = YES_ERROR;
				CLANG_WARN_DOCUMENTATION_COMMENTS = YES;
				CLANG_WARN_EMPTY_BODY = YES;
				CLANG_WARN_ENUM_CONVERSION = YES;
				CLANG_WARN_INFINITE_RECURSION = YES;
				CLANG_WARN_INT_CONVERSION = YES;
				CLANG_WARN_OBJC_ROOT_CLASS = YES_ERROR;
				CLANG_WARN_SUSPICIOUS_MOVE = YES;
				CLANG_WARN_UNREACHABLE_CODE = YES;
				CLANG_WARN__DUPLICATE_METHOD_MATCH = YES;
				"CODE_SIGN_IDENTITY[sdk=iphoneos*]" = "iPhone Developer";
				COPY_PHASE_STRIP = NO;
				DEBUG_INFORMATION_FORMAT = dwarf;
				ENABLE_STRICT_OBJC_MSGSEND = YES;
				ENABLE_TESTABILITY = YES;
				GCC_C_LANGUAGE_STANDARD = gnu99;
				GCC_DYNAMIC_NO_PIC = NO;
				GCC_NO_COMMON_BLOCKS = YES;
				GCC_OPTIMIZATION_LEVEL = 0;
				GCC_PREPROCESSOR_DEFINITIONS = (
					"DEBUG=1",
					"$(inherited)",
				);
				GCC_WARN_64_TO_32_BIT_CONVERSION = YES;
				GCC_WARN_ABOUT_RETURN_TYPE = YES_ERROR;
				GCC_WARN_UNDECLARED_SELECTOR = YES;
				GCC_WARN_UNINITIALIZED_AUTOS = YES_AGGRESSIVE;
				GCC_WARN_UNUSED_FUNCTION = YES;
				GCC_WARN_UNUSED_VARIABLE = YES;
				IPHONEOS_DEPLOYMENT_TARGET = 10.2;
				MTL_ENABLE_DEBUG_INFO = YES;
				ONLY_ACTIVE_ARCH = YES;
				SDKROOT = iphoneos;
				TARGETED_DEVICE_FAMILY = "1,2";
			};
			name = Debug;
		};
		81F514E51E88F1C30031EF16 /* Release */ = {
			isa = XCBuildConfiguration;
			buildSettings = {
				ALWAYS_SEARCH_USER_PATHS = NO;
				CLANG_ANALYZER_NONNULL = YES;
				CLANG_CXX_LANGUAGE_STANDARD = "gnu++0x";
				CLANG_CXX_LIBRARY = "libc++";
				CLANG_ENABLE_MODULES = YES;
				CLANG_ENABLE_OBJC_ARC = YES;
				CLANG_WARN_BOOL_CONVERSION = YES;
				CLANG_WARN_CONSTANT_CONVERSION = YES;
				CLANG_WARN_DIRECT_OBJC_ISA_USAGE = YES_ERROR;
				CLANG_WARN_DOCUMENTATION_COMMENTS = YES;
				CLANG_WARN_EMPTY_BODY = YES;
				CLANG_WARN_ENUM_CONVERSION = YES;
				CLANG_WARN_INFINITE_RECURSION = YES;
				CLANG_WARN_INT_CONVERSION = YES;
				CLANG_WARN_OBJC_ROOT_CLASS = YES_ERROR;
				CLANG_WARN_SUSPICIOUS_MOVE = YES;
				CLANG_WARN_UNREACHABLE_CODE = YES;
				CLANG_WARN__DUPLICATE_METHOD_MATCH = YES;
				"CODE_SIGN_IDENTITY[sdk=iphoneos*]" = "iPhone Developer";
				COPY_PHASE_STRIP = NO;
				DEBUG_INFORMATION_FORMAT = "dwarf-with-dsym";
				ENABLE_NS_ASSERTIONS = NO;
				ENABLE_STRICT_OBJC_MSGSEND = YES;
				GCC_C_LANGUAGE_STANDARD = gnu99;
				GCC_NO_COMMON_BLOCKS = YES;
				GCC_WARN_64_TO_32_BIT_CONVERSION = YES;
				GCC_WARN_ABOUT_RETURN_TYPE = YES_ERROR;
				GCC_WARN_UNDECLARED_SELECTOR = YES;
				GCC_WARN_UNINITIALIZED_AUTOS = YES_AGGRESSIVE;
				GCC_WARN_UNUSED_FUNCTION = YES;
				GCC_WARN_UNUSED_VARIABLE = YES;
				IPHONEOS_DEPLOYMENT_TARGET = 10.2;
				MTL_ENABLE_DEBUG_INFO = NO;
				SDKROOT = iphoneos;
				TARGETED_DEVICE_FAMILY = "1,2";
				VALIDATE_PRODUCT = YES;
			};
			name = Release;
		};
		81F514E71E88F1C30031EF16 /* Debug */ = {
			isa = XCBuildConfiguration;
			buildSettings = {
				ASSETCATALOG_COMPILER_APPICON_NAME = AppIcon;
				DEVELOPMENT_TEAM = V2HDPP64PV;
				GCC_PREFIX_HEADER = "/Users/ios/Documents/iOSTest/代码/iOSCodeTabBar/SHCode/SHCode/Other/SHCode.pch";
				INFOPLIST_FILE = SHCode/Info.plist;
				LD_RUNPATH_SEARCH_PATHS = "$(inherited) @executable_path/Frameworks";
				PRODUCT_BUNDLE_IDENTIFIER = sh.SHCode;
				PRODUCT_NAME = "$(TARGET_NAME)";
			};
			name = Debug;
		};
		81F514E81E88F1C30031EF16 /* Release */ = {
			isa = XCBuildConfiguration;
			buildSettings = {
				ASSETCATALOG_COMPILER_APPICON_NAME = AppIcon;
				DEVELOPMENT_TEAM = V2HDPP64PV;
				GCC_PREFIX_HEADER = "/Users/ios/Documents/iOSTest/代码/iOSCodeTabBar/SHCode/SHCode/Other/SHCode.pch";
				INFOPLIST_FILE = SHCode/Info.plist;
				LD_RUNPATH_SEARCH_PATHS = "$(inherited) @executable_path/Frameworks";
				PRODUCT_BUNDLE_IDENTIFIER = sh.SHCode;
				PRODUCT_NAME = "$(TARGET_NAME)";
			};
			name = Release;
		};
		81F514EA1E88F1C30031EF16 /* Debug */ = {
			isa = XCBuildConfiguration;
			buildSettings = {
				BUNDLE_LOADER = "$(TEST_HOST)";
				INFOPLIST_FILE = SHCodeTests/Info.plist;
				LD_RUNPATH_SEARCH_PATHS = "$(inherited) @executable_path/Frameworks @loader_path/Frameworks";
				PRODUCT_BUNDLE_IDENTIFIER = sh.SHCodeTests;
				PRODUCT_NAME = "$(TARGET_NAME)";
				TEST_HOST = "$(BUILT_PRODUCTS_DIR)/SHCode.app/SHCode";
			};
			name = Debug;
		};
		81F514EB1E88F1C30031EF16 /* Release */ = {
			isa = XCBuildConfiguration;
			buildSettings = {
				BUNDLE_LOADER = "$(TEST_HOST)";
				INFOPLIST_FILE = SHCodeTests/Info.plist;
				LD_RUNPATH_SEARCH_PATHS = "$(inherited) @executable_path/Frameworks @loader_path/Frameworks";
				PRODUCT_BUNDLE_IDENTIFIER = sh.SHCodeTests;
				PRODUCT_NAME = "$(TARGET_NAME)";
				TEST_HOST = "$(BUILT_PRODUCTS_DIR)/SHCode.app/SHCode";
			};
			name = Release;
		};
		81F514ED1E88F1C30031EF16 /* Debug */ = {
			isa = XCBuildConfiguration;
			buildSettings = {
				INFOPLIST_FILE = SHCodeUITests/Info.plist;
				LD_RUNPATH_SEARCH_PATHS = "$(inherited) @executable_path/Frameworks @loader_path/Frameworks";
				PRODUCT_BUNDLE_IDENTIFIER = sh.SHCodeUITests;
				PRODUCT_NAME = "$(TARGET_NAME)";
				TEST_TARGET_NAME = SHCode;
			};
			name = Debug;
		};
		81F514EE1E88F1C30031EF16 /* Release */ = {
			isa = XCBuildConfiguration;
			buildSettings = {
				INFOPLIST_FILE = SHCodeUITests/Info.plist;
				LD_RUNPATH_SEARCH_PATHS = "$(inherited) @executable_path/Frameworks @loader_path/Frameworks";
				PRODUCT_BUNDLE_IDENTIFIER = sh.SHCodeUITests;
				PRODUCT_NAME = "$(TARGET_NAME)";
				TEST_TARGET_NAME = SHCode;
			};
			name = Release;
		};
/* End XCBuildConfiguration section */

/* Begin XCConfigurationList section */
		81F514B41E88F1C20031EF16 /* Build configuration list for PBXProject "SHCode" */ = {
			isa = XCConfigurationList;
			buildConfigurations = (
				81F514E41E88F1C30031EF16 /* Debug */,
				81F514E51E88F1C30031EF16 /* Release */,
			);
			defaultConfigurationIsVisible = 0;
			defaultConfigurationName = Release;
		};
		81F514E61E88F1C30031EF16 /* Build configuration list for PBXNativeTarget "SHCode" */ = {
			isa = XCConfigurationList;
			buildConfigurations = (
				81F514E71E88F1C30031EF16 /* Debug */,
				81F514E81E88F1C30031EF16 /* Release */,
			);
			defaultConfigurationIsVisible = 0;
			defaultConfigurationName = Release;
		};
		81F514E91E88F1C30031EF16 /* Build configuration list for PBXNativeTarget "SHCodeTests" */ = {
			isa = XCConfigurationList;
			buildConfigurations = (
				81F514EA1E88F1C30031EF16 /* Debug */,
				81F514EB1E88F1C30031EF16 /* Release */,
			);
			defaultConfigurationIsVisible = 0;
			defaultConfigurationName = Release;
		};
		81F514EC1E88F1C30031EF16 /* Build configuration list for PBXNativeTarget "SHCodeUITests" */ = {
			isa = XCConfigurationList;
			buildConfigurations = (
				81F514ED1E88F1C30031EF16 /* Debug */,
				81F514EE1E88F1C30031EF16 /* Release */,
			);
			defaultConfigurationIsVisible = 0;
			defaultConfigurationName = Release;
		};
/* End XCConfigurationList section */
	};
	rootObject = 81F514B11E88F1C20031EF16 /* Project object */;
}
